// !$*UTF8*$!
{
	archiveVersion = 1;
	classes = {
	};
	objectVersion = 46;
	objects = {

/* Begin PBXBuildFile section */
		17EF9C8618FD07D2006207B0 /* Foundation.framework in Frameworks */ = {isa = PBXBuildFile; fileRef = 17EF9C8518FD07D2006207B0 /* Foundation.framework */; };
		17EF9C8818FD07D2006207B0 /* CoreGraphics.framework in Frameworks */ = {isa = PBXBuildFile; fileRef = 17EF9C8718FD07D2006207B0 /* CoreGraphics.framework */; };
		17EF9C8A18FD07D2006207B0 /* UIKit.framework in Frameworks */ = {isa = PBXBuildFile; fileRef = 17EF9C8918FD07D2006207B0 /* UIKit.framework */; };
		17EF9C9018FD07D2006207B0 /* InfoPlist.strings in Resources */ = {isa = PBXBuildFile; fileRef = 17EF9C8E18FD07D2006207B0 /* InfoPlist.strings */; };
		17EF9C9218FD07D2006207B0 /* main.m in Sources */ = {isa = PBXBuildFile; fileRef = 17EF9C9118FD07D2006207B0 /* main.m */; };
		17EF9C9618FD07D2006207B0 /* AppDelegate.m in Sources */ = {isa = PBXBuildFile; fileRef = 17EF9C9518FD07D2006207B0 /* AppDelegate.m */; };
		17EF9C9918FD07D2006207B0 /* Main.storyboard in Resources */ = {isa = PBXBuildFile; fileRef = 17EF9C9718FD07D2006207B0 /* Main.storyboard */; };
		17EF9C9C18FD07D2006207B0 /* ViewController.m in Sources */ = {isa = PBXBuildFile; fileRef = 17EF9C9B18FD07D2006207B0 /* ViewController.m */; };
		17EF9C9E18FD07D2006207B0 /* Images.xcassets in Resources */ = {isa = PBXBuildFile; fileRef = 17EF9C9D18FD07D2006207B0 /* Images.xcassets */; };
		17EF9CA518FD07D2006207B0 /* XCTest.framework in Frameworks */ = {isa = PBXBuildFile; fileRef = 17EF9CA418FD07D2006207B0 /* XCTest.framework */; };
		17EF9CA618FD07D2006207B0 /* Foundation.framework in Frameworks */ = {isa = PBXBuildFile; fileRef = 17EF9C8518FD07D2006207B0 /* Foundation.framework */; };
		17EF9CA718FD07D2006207B0 /* UIKit.framework in Frameworks */ = {isa = PBXBuildFile; fileRef = 17EF9C8918FD07D2006207B0 /* UIKit.framework */; };
		17EF9CAF18FD07D2006207B0 /* InfoPlist.strings in Resources */ = {isa = PBXBuildFile; fileRef = 17EF9CAD18FD07D2006207B0 /* InfoPlist.strings */; };
		17EF9CB118FD07D2006207B0 /* UICollectionViewSampleTests.m in Sources */ = {isa = PBXBuildFile; fileRef = 17EF9CB018FD07D2006207B0 /* UICollectionViewSampleTests.m */; };
/* End PBXBuildFile section */

/* Begin PBXContainerItemProxy section */
		17EF9CA818FD07D2006207B0 /* PBXContainerItemProxy */ = {
			isa = PBXContainerItemProxy;
			containerPortal = 17EF9C7A18FD07D2006207B0 /* Project object */;
			proxyType = 1;
			remoteGlobalIDString = 17EF9C8118FD07D2006207B0;
			remoteInfo = UICollectionViewSample;
		};
/* End PBXContainerItemProxy section */

/* Begin PBXFileReference section */
		17EF9C8218FD07D2006207B0 /* UICollectionViewSample.app */ = {isa = PBXFileReference; explicitFileType = wrapper.application; includeInIndex = 0; path = UICollectionViewSample.app; sourceTree = BUILT_PRODUCTS_DIR; };
		17EF9C8518FD07D2006207B0 /* Foundation.framework */ = {isa = PBXFileReference; lastKnownFileType = wrapper.framework; name = Foundation.framework; path = System/Library/Frameworks/Foundation.framework; sourceTree = SDKROOT; };
		17EF9C8718FD07D2006207B0 /* CoreGraphics.framework */ = {isa = PBXFileReference; lastKnownFileType = wrapper.framework; name = CoreGraphics.framework; path = System/Library/Frameworks/CoreGraphics.framework; sourceTree = SDKROOT; };
		17EF9C8918FD07D2006207B0 /* UIKit.framework */ = {isa = PBXFileReference; lastKnownFileType = wrapper.framework; name = UIKit.framework; path = System/Library/Frameworks/UIKit.framework; sourceTree = SDKROOT; };
		17EF9C8D18FD07D2006207B0 /* UICollectionViewSample-Info.plist */ = {isa = PBXFileReference; lastKnownFileType = text.plist.xml; path = "UICollectionViewSample-Info.plist"; sourceTree = "<group>"; };
		17EF9C8F18FD07D2006207B0 /* en */ = {isa = PBXFileReference; lastKnownFileType = text.plist.strings; name = en; path = en.lproj/InfoPlist.strings; sourceTree = "<group>"; };
		17EF9C9118FD07D2006207B0 /* main.m */ = {isa = PBXFileReference; lastKnownFileType = sourcecode.c.objc; path = main.m; sourceTree = "<group>"; };
		17EF9C9318FD07D2006207B0 /* UICollectionViewSample-Prefix.pch */ = {isa = PBXFileReference; lastKnownFileType = sourcecode.c.h; path = "UICollectionViewSample-Prefix.pch"; sourceTree = "<group>"; };
		17EF9C9418FD07D2006207B0 /* AppDelegate.h */ = {isa = PBXFileReference; lastKnownFileType = sourcecode.c.h; path = AppDelegate.h; sourceTree = "<group>"; };
		17EF9C9518FD07D2006207B0 /* AppDelegate.m */ = {isa = PBXFileReference; lastKnownFileType = sourcecode.c.objc; path = AppDelegate.m; sourceTree = "<group>"; };
		17EF9C9818FD07D2006207B0 /* Base */ = {isa = PBXFileReference; lastKnownFileType = file.storyboard; name = Base; path = Base.lproj/Main.storyboard; sourceTree = "<group>"; };
		17EF9C9A18FD07D2006207B0 /* ViewController.h */ = {isa = PBXFileReference; lastKnownFileType = sourcecode.c.h; path = ViewController.h; sourceTree = "<group>"; };
		17EF9C9B18FD07D2006207B0 /* ViewController.m */ = {isa = PBXFileReference; lastKnownFileType = sourcecode.c.objc; path = ViewController.m; sourceTree = "<group>"; };
		17EF9C9D18FD07D2006207B0 /* Images.xcassets */ = {isa = PBXFileReference; lastKnownFileType = folder.assetcatalog; path = Images.xcassets; sourceTree = "<group>"; };
		17EF9CA318FD07D2006207B0 /* UICollectionViewSampleTests.xctest */ = {isa = PBXFileReference; explicitFileType = wrapper.cfbundle; includeInIndex = 0; path = UICollectionViewSampleTests.xctest; sourceTree = BUILT_PRODUCTS_DIR; };
		17EF9CA418FD07D2006207B0 /* XCTest.framework */ = {isa = PBXFileReference; lastKnownFileType = wrapper.framework; name = XCTest.framework; path = Library/Frameworks/XCTest.framework; sourceTree = DEVELOPER_DIR; };
		17EF9CAC18FD07D2006207B0 /* UICollectionViewSampleTests-Info.plist */ = {isa = PBXFileReference; lastKnownFileType = text.plist.xml; path = "UICollectionViewSampleTests-Info.plist"; sourceTree = "<group>"; };
		17EF9CAE18FD07D2006207B0 /* en */ = {isa = PBXFileReference; lastKnownFileType = text.plist.strings; name = en; path = en.lproj/InfoPlist.strings; sourceTree = "<group>"; };
		17EF9CB018FD07D2006207B0 /* UICollectionViewSampleTests.m */ = {isa = PBXFileReference; lastKnownFileType = sourcecode.c.objc; path = UICollectionViewSampleTests.m; sourceTree = "<group>"; };
/* End PBXFileReference section */

/* Begin PBXFrameworksBuildPhase section */
		17EF9C7F18FD07D2006207B0 /* Frameworks */ = {
			isa = PBXFrameworksBuildPhase;
			buildActionMask = 2147483647;
			files = (
				17EF9C8818FD07D2006207B0 /* CoreGraphics.framework in Frameworks */,
				17EF9C8A18FD07D2006207B0 /* UIKit.framework in Frameworks */,
				17EF9C8618FD07D2006207B0 /* Foundation.framework in Frameworks */,
			);
			runOnlyForDeploymentPostprocessing = 0;
		};
		17EF9CA018FD07D2006207B0 /* Frameworks */ = {
			isa = PBXFrameworksBuildPhase;
			buildActionMask = 2147483647;
			files = (
				17EF9CA518FD07D2006207B0 /* XCTest.framework in Frameworks */,
				17EF9CA718FD07D2006207B0 /* UIKit.framework in Frameworks */,
				17EF9CA618FD07D2006207B0 /* Foundation.framework in Frameworks */,
			);
			runOnlyForDeploymentPostprocessing = 0;
		};
/* End PBXFrameworksBuildPhase section */

/* Begin PBXGroup section */
		17EF9C7918FD07D2006207B0 = {
			isa = PBXGroup;
			children = (
				17EF9C8B18FD07D2006207B0 /* UICollectionViewSample */,
				17EF9CAA18FD07D2006207B0 /* UICollectionViewSampleTests */,
				17EF9C8418FD07D2006207B0 /* Frameworks */,
				17EF9C8318FD07D2006207B0 /* Products */,
			);
			sourceTree = "<group>";
		};
		17EF9C8318FD07D2006207B0 /* Products */ = {
			isa = PBXGroup;
			children = (
				17EF9C8218FD07D2006207B0 /* UICollectionViewSample.app */,
				17EF9CA318FD07D2006207B0 /* UICollectionViewSampleTests.xctest */,
			);
			name = Products;
			sourceTree = "<group>";
		};
		17EF9C8418FD07D2006207B0 /* Frameworks */ = {
			isa = PBXGroup;
			children = (
				17EF9C8518FD07D2006207B0 /* Foundation.framework */,
				17EF9C8718FD07D2006207B0 /* CoreGraphics.framework */,
				17EF9C8918FD07D2006207B0 /* UIKit.framework */,
				17EF9CA418FD07D2006207B0 /* XCTest.framework */,
			);
			name = Frameworks;
			sourceTree = "<group>";
		};
		17EF9C8B18FD07D2006207B0 /* UICollectionViewSample */ = {
			isa = PBXGroup;
			children = (
				17EF9C9418FD07D2006207B0 /* AppDelegate.h */,
				17EF9C9518FD07D2006207B0 /* AppDelegate.m */,
				17EF9C9718FD07D2006207B0 /* Main.storyboard */,
				17EF9C9A18FD07D2006207B0 /* ViewController.h */,
				17EF9C9B18FD07D2006207B0 /* ViewController.m */,
				17EF9C9D18FD07D2006207B0 /* Images.xcassets */,
				17EF9C8C18FD07D2006207B0 /* Supporting Files */,
			);
			path = UICollectionViewSample;
			sourceTree = "<group>";
		};
		17EF9C8C18FD07D2006207B0 /* Supporting Files */ = {
			isa = PBXGroup;
			children = (
				17EF9C8D18FD07D2006207B0 /* UICollectionViewSample-Info.plist */,
				17EF9C8E18FD07D2006207B0 /* InfoPlist.strings */,
				17EF9C9118FD07D2006207B0 /* main.m */,
				17EF9C9318FD07D2006207B0 /* UICollectionViewSample-Prefix.pch */,
			);
			name = "Supporting Files";
			sourceTree = "<group>";
		};
		17EF9CAA18FD07D2006207B0 /* UICollectionViewSampleTests */ = {
			isa = PBXGroup;
			children = (
				17EF9CB018FD07D2006207B0 /* UICollectionViewSampleTests.m */,
				17EF9CAB18FD07D2006207B0 /* Supporting Files */,
			);
			path = UICollectionViewSampleTests;
			sourceTree = "<group>";
		};
		17EF9CAB18FD07D2006207B0 /* Supporting Files */ = {
			isa = PBXGroup;
			children = (
				17EF9CAC18FD07D2006207B0 /* UICollectionViewSampleTests-Info.plist */,
				17EF9CAD18FD07D2006207B0 /* InfoPlist.strings */,
			);
			name = "Supporting Files";
			sourceTree = "<group>";
		};
/* End PBXGroup section */

/* Begin PBXNativeTarget section */
		17EF9C8118FD07D2006207B0 /* UICollectionViewSample */ = {
			isa = PBXNativeTarget;
			buildConfigurationList = 17EF9CB418FD07D2006207B0 /* Build configuration list for PBXNativeTarget "UICollectionViewSample" */;
			buildPhases = (
				17EF9C7E18FD07D2006207B0 /* Sources */,
				17EF9C7F18FD07D2006207B0 /* Frameworks */,
				17EF9C8018FD07D2006207B0 /* Resources */,
			);
			buildRules = (
			);
			dependencies = (
			);
			name = UICollectionViewSample;
			productName = UICollectionViewSample;
			productReference = 17EF9C8218FD07D2006207B0 /* UICollectionViewSample.app */;
			productType = "com.apple.product-type.application";
		};
		17EF9CA218FD07D2006207B0 /* UICollectionViewSampleTests */ = {
			isa = PBXNativeTarget;
			buildConfigurationList = 17EF9CB718FD07D2006207B0 /* Build configuration list for PBXNativeTarget "UICollectionViewSampleTests" */;
			buildPhases = (
				17EF9C9F18FD07D2006207B0 /* Sources */,
				17EF9CA018FD07D2006207B0 /* Frameworks */,
				17EF9CA118FD07D2006207B0 /* Resources */,
			);
			buildRules = (
			);
			dependencies = (
				17EF9CA918FD07D2006207B0 /* PBXTargetDependency */,
			);
			name = UICollectionViewSampleTests;
			productName = UICollectionViewSampleTests;
			productReference = 17EF9CA318FD07D2006207B0 /* UICollectionViewSampleTests.xctest */;
			productType = "com.apple.product-type.bundle.unit-test";
		};
/* End PBXNativeTarget section */

/* Begin PBXProject section */
		17EF9C7A18FD07D2006207B0 /* Project object */ = {
			isa = PBXProject;
			attributes = {
				LastUpgradeCheck = 0510;
				ORGANIZATIONNAME = leesong;
				TargetAttributes = {
					17EF9CA218FD07D2006207B0 = {
						TestTargetID = 17EF9C8118FD07D2006207B0;
					};
				};
			};
			buildConfigurationList = 17EF9C7D18FD07D2006207B0 /* Build configuration list for PBXProject "UICollectionViewSample" */;
			compatibilityVersion = "Xcode 3.2";
			developmentRegion = English;
			hasScannedForEncodings = 0;
			knownRegions = (
				en,
				Base,
			);
			mainGroup = 17EF9C7918FD07D2006207B0;
			productRefGroup = 17EF9C8318FD07D2006207B0 /* Products */;
			projectDirPath = "";
			projectRoot = "";
			targets = (
				17EF9C8118FD07D2006207B0 /* UICollectionViewSample */,
				17EF9CA218FD07D2006207B0 /* UICollectionViewSampleTests */,
			);
		};
/* End PBXProject section */

/* Begin PBXResourcesBuildPhase section */
		17EF9C8018FD07D2006207B0 /* Resources */ = {
			isa = PBXResourcesBuildPhase;
			buildActionMask = 2147483647;
			files = (
				17EF9C9E18FD07D2006207B0 /* Images.xcassets in Resources */,
				17EF9C9018FD07D2006207B0 /* InfoPlist.strings in Resources */,
				17EF9C9918FD07D2006207B0 /* Main.storyboard in Resources */,
			);
			runOnlyForDeploymentPostprocessing = 0;
		};
		17EF9CA118FD07D2006207B0 /* Resources */ = {
			isa = PBXResourcesBuildPhase;
			buildActionMask = 2147483647;
			files = (
				17EF9CAF18FD07D2006207B0 /* InfoPlist.strings in Resources */,
			);
			runOnlyForDeploymentPostprocessing = 0;
		};
/* End PBXResourcesBuildPhase section */

/* Begin PBXSourcesBuildPhase section */
		17EF9C7E18FD07D2006207B0 /* Sources */ = {
			isa = PBXSourcesBuildPhase;
			buildActionMask = 2147483647;
			files = (
				17EF9C9C18FD07D2006207B0 /* ViewController.m in Sources */,
				17EF9C9618FD07D2006207B0 /* AppDelegate.m in Sources */,
				17EF9C9218FD07D2006207B0 /* main.m in Sources */,
			);
			runOnlyForDeploymentPostprocessing = 0;
		};
		17EF9C9F18FD07D2006207B0 /* Sources */ = {
			isa = PBXSourcesBuildPhase;
			buildActionMask = 2147483647;
			files = (
				17EF9CB118FD07D2006207B0 /* UICollectionViewSampleTests.m in Sources */,
			);
			runOnlyForDeploymentPostprocessing = 0;
		};
/* End PBXSourcesBuildPhase section */

/* Begin PBXTargetDependency section */
		17EF9CA918FD07D2006207B0 /* PBXTargetDependency */ = {
			isa = PBXTargetDependency;
			target = 17EF9C8118FD07D2006207B0 /* UICollectionViewSample */;
			targetProxy = 17EF9CA818FD07D2006207B0 /* PBXContainerItemProxy */;
		};
/* End PBXTargetDependency section */

/* Begin PBXVariantGroup section */
		17EF9C8E18FD07D2006207B0 /* InfoPlist.strings */ = {
			isa = PBXVariantGroup;
			children = (
				17EF9C8F18FD07D2006207B0 /* en */,
			);
			name = InfoPlist.strings;
			sourceTree = "<group>";
		};
		17EF9C9718FD07D2006207B0 /* Main.storyboard */ = {
			isa = PBXVariantGroup;
			children = (
				17EF9C9818FD07D2006207B0 /* Base */,
			);
			name = Main.storyboard;
			sourceTree = "<group>";
		};
		17EF9CAD18FD07D2006207B0 /* InfoPlist.strings */ = {
			isa = PBXVariantGroup;
			children = (
				17EF9CAE18FD07D2006207B0 /* en */,
			);
			name = InfoPlist.strings;
			sourceTree = "<group>";
		};
/* End PBXVariantGroup section */

/* Begin XCBuildConfiguration section */
		17EF9CB218FD07D2006207B0 /* Debug */ = {
			isa = XCBuildConfiguration;
			buildSettings = {
				ALWAYS_SEARCH_USER_PATHS = NO;
				CLANG_CXX_LANGUAGE_STANDARD = "gnu++0x";
				CLANG_CXX_LIBRARY = "libc++";
				CLANG_ENABLE_MODULES = YES;
				CLANG_ENABLE_OBJC_ARC = YES;
				CLANG_WARN_BOOL_CONVERSION = YES;
				CLANG_WARN_CONSTANT_CONVERSION = YES;
				CLANG_WARN_DIRECT_OBJC_ISA_USAGE = YES_ERROR;
				CLANG_WARN_EMPTY_BODY = YES;
				CLANG_WARN_ENUM_CONVERSION = YES;
				CLANG_WARN_INT_CONVERSION = YES;
				CLANG_WARN_OBJC_ROOT_CLASS = YES_ERROR;
				CLANG_WARN__DUPLICATE_METHOD_MATCH = YES;
				"CODE_SIGN_IDENTITY[sdk=iphoneos*]" = "iPhone Developer";
				COPY_PHASE_STRIP = NO;
				GCC_C_LANGUAGE_STANDARD = gnu99;
				GCC_DYNAMIC_NO_PIC = NO;
				GCC_OPTIMIZATION_LEVEL = 0;
				GCC_PREPROCESSOR_DEFINITIONS = (
					"DEBUG=1",
					"$(inherited)",
				);
				GCC_SYMBOLS_PRIVATE_EXTERN = NO;
				GCC_WARN_64_TO_32_BIT_CONVERSION = YES;
				GCC_WARN_ABOUT_RETURN_TYPE = YES_ERROR;
				GCC_WARN_UNDECLARED_SELECTOR = YES;
				GCC_WARN_UNINITIALIZED_AUTOS = YES_AGGRESSIVE;
				GCC_WARN_UNUSED_FUNCTION = YES;
				GCC_WARN_UNUSED_VARIABLE = YES;
				IPHONEOS_DEPLOYMENT_TARGET = 7.1;
				ONLY_ACTIVE_ARCH = YES;
				SDKROOT = iphoneos;
			};
			name = Debug;
		};
		17EF9CB318FD07D2006207B0 /* Release */ = {
			isa = XCBuildConfiguration;
			buildSettings = {
				ALWAYS_SEARCH_USER_PATHS = NO;
				CLANG_CXX_LANGUAGE_STANDARD = "gnu++0x";
				CLANG_CXX_LIBRARY = "libc++";
				CLANG_ENABLE_MODULES = YES;
				CLANG_ENABLE_OBJC_ARC = YES;
				CLANG_WARN_BOOL_CONVERSION = YES;
				CLANG_WARN_CONSTANT_CONVERSION = YES;
				CLANG_WARN_DIRECT_OBJC_ISA_USAGE = YES_ERROR;
				CLANG_WARN_EMPTY_BODY = YES;
				CLANG_WARN_ENUM_CONVERSION = YES;
				CLANG_WARN_INT_CONVERSION = YES;
				CLANG_WARN_OBJC_ROOT_CLASS = YES_ERROR;
				CLANG_WARN__DUPLICATE_METHOD_MATCH = YES;
				"CODE_SIGN_IDENTITY[sdk=iphoneos*]" = "iPhone Developer";
				COPY_PHASE_STRIP = YES;
				ENABLE_NS_ASSERTIONS = NO;
				GCC_C_LANGUAGE_STANDARD = gnu99;
				GCC_WARN_64_TO_32_BIT_CONVERSION = YES;
				GCC_WARN_ABOUT_RETURN_TYPE = YES_ERROR;
				GCC_WARN_UNDECLARED_SELECTOR = YES;
				GCC_WARN_UNINITIALIZED_AUTOS = YES_AGGRESSIVE;
				GCC_WARN_UNUSED_FUNCTION = YES;
				GCC_WARN_UNUSED_VARIABLE = YES;
				IPHONEOS_DEPLOYMENT_TARGET = 7.1;
				SDKROOT = iphoneos;
				VALIDATE_PRODUCT = YES;
			};
			name = Release;
		};
		17EF9CB518FD07D2006207B0 /* Debug */ = {
			isa = XCBuildConfiguration;
			buildSettings = {
				ASSETCATALOG_COMPILER_APPICON_NAME = AppIcon;
				ASSETCATALOG_COMPILER_LAUNCHIMAGE_NAME = LaunchImage;
				GCC_PRECOMPILE_PREFIX_HEADER = YES;
				GCC_PREFIX_HEADER = "UICollectionViewSample/UICollectionViewSample-Prefix.pch";
				INFOPLIST_FILE = "UICollectionViewSample/UICollectionViewSample-Info.plist";
				PRODUCT_NAME = "$(TARGET_NAME)";
				WRAPPER_EXTENSION = app;
			};
			name = Debug;
		};
		17EF9CB618FD07D2006207B0 /* Release */ = {
			isa = XCBuildConfiguration;
			buildSettings = {
				ASSETCATALOG_COMPILER_APPICON_NAME = AppIcon;
				ASSETCATALOG_COMPILER_LAUNCHIMAGE_NAME = LaunchImage;
				GCC_PRECOMPILE_PREFIX_HEADER = YES;
				GCC_PREFIX_HEADER = "UICollectionViewSample/UICollectionViewSample-Prefix.pch";
				INFOPLIST_FILE = "UICollectionViewSample/UICollectionViewSample-Info.plist";
				PRODUCT_NAME = "$(TARGET_NAME)";
				WRAPPER_EXTENSION = app;
			};
			name = Release;
		};
		17EF9CB818FD07D2006207B0 /* Debug */ = {
			isa = XCBuildConfiguration;
			buildSettings = {
				BUNDLE_LOADER = "$(BUILT_PRODUCTS_DIR)/UICollectionViewSample.app/UICollectionViewSample";
				FRAMEWORK_SEARCH_PATHS = (
					"$(SDKROOT)/Developer/Library/Frameworks",
					"$(inherited)",
					"$(DEVELOPER_FRAMEWORKS_DIR)",
				);
				GCC_PRECOMPILE_PREFIX_HEADER = YES;
				GCC_PREFIX_HEADER = "UICollectionViewSample/UICollectionViewSample-Prefix.pch";
				GCC_PREPROCESSOR_DEFINITIONS = (
					"DEBUG=1",
					"$(inherited)",
				);
				INFOPLIST_FILE = "UICollectionViewSampleTests/UICollectionViewSampleTests-Info.plist";
				PRODUCT_NAME = "$(TARGET_NAME)";
				TEST_HOST = "$(BUNDLE_LOADER)";
				WRAPPER_EXTENSION = xctest;
			};
			name = Debug;
		};
		17EF9CB918FD07D2006207B0 /* Release */ = {
			isa = XCBuildConfiguration;
			buildSettings = {
				BUNDLE_LOADER = "$(BUILT_PRODUCTS_DIR)/UICollectionViewSample.app/UICollectionViewSample";
				FRAMEWORK_SEARCH_PATHS = (
					"$(SDKROOT)/Developer/Library/Frameworks",
					"$(inherited)",
					"$(DEVELOPER_FRAMEWORKS_DIR)",
				);
				GCC_PRECOMPILE_PREFIX_HEADER = YES;
				GCC_PREFIX_HEADER = "UICollectionViewSample/UICollectionViewSample-Prefix.pch";
				INFOPLIST_FILE = "UICollectionViewSampleTests/UICollectionViewSampleTests-Info.plist";
				PRODUCT_NAME = "$(TARGET_NAME)";
				TEST_HOST = "$(BUNDLE_LOADER)";
				WRAPPER_EXTENSION = xctest;
			};
			name = Release;
		};
/* End XCBuildConfiguration section */

/* Begin XCConfigurationList section */
		17EF9C7D18FD07D2006207B0 /* Build configuration list for PBXProject "UICollectionViewSample" */ = {
			isa = XCConfigurationList;
			buildConfigurations = (
				17EF9CB218FD07D2006207B0 /* Debug */,
				17EF9CB318FD07D2006207B0 /* Release */,
			);
			defaultConfigurationIsVisible = 0;
			defaultConfigurationName = Release;
		};
		17EF9CB418FD07D2006207B0 /* Build configuration list for PBXNativeTarget "UICollectionViewSample" */ = {
			isa = XCConfigurationList;
			buildConfigurations = (
				17EF9CB518FD07D2006207B0 /* Debug */,
				17EF9CB618FD07D2006207B0 /* Release */,
			);
			defaultConfigurationIsVisible = 0;
		};
		17EF9CB718FD07D2006207B0 /* Build configuration list for PBXNativeTarget "UICollectionViewSampleTests" */ = {
			isa = XCConfigurationList;
			buildConfigurations = (
				17EF9CB818FD07D2006207B0 /* Debug */,
				17EF9CB918FD07D2006207B0 /* Release */,
			);
			defaultConfigurationIsVisible = 0;
		};
/* End XCConfigurationList section */
	};
	rootObject = 17EF9C7A18FD07D2006207B0 /* Project object */;
}
