// !$*UTF8*$!
{
	archiveVersion = 1;
	classes = {
	};
	objectVersion = 46;
	objects = {

/* Begin PBXBuildFile section */
		17CB0A9218F9210300BBC263 /* Foundation.framework in Frameworks */ = {isa = PBXBuildFile; fileRef = 17CB0A9118F9210300BBC263 /* Foundation.framework */; };
		17CB0A9418F9210300BBC263 /* CoreGraphics.framework in Frameworks */ = {isa = PBXBuildFile; fileRef = 17CB0A9318F9210300BBC263 /* CoreGraphics.framework */; };
		17CB0A9618F9210300BBC263 /* UIKit.framework in Frameworks */ = {isa = PBXBuildFile; fileRef = 17CB0A9518F9210300BBC263 /* UIKit.framework */; };
		17CB0A9C18F9210300BBC263 /* InfoPlist.strings in Resources */ = {isa = PBXBuildFile; fileRef = 17CB0A9A18F9210300BBC263 /* InfoPlist.strings */; };
		17CB0A9E18F9210300BBC263 /* main.m in Sources */ = {isa = PBXBuildFile; fileRef = 17CB0A9D18F9210300BBC263 /* main.m */; };
		17CB0AA218F9210300BBC263 /* AppDelegate.m in Sources */ = {isa = PBXBuildFile; fileRef = 17CB0AA118F9210300BBC263 /* AppDelegate.m */; };
		17CB0AA518F9210300BBC263 /* Main.storyboard in Resources */ = {isa = PBXBuildFile; fileRef = 17CB0AA318F9210300BBC263 /* Main.storyboard */; };
		17CB0AA818F9210300BBC263 /* ViewController.m in Sources */ = {isa = PBXBuildFile; fileRef = 17CB0AA718F9210300BBC263 /* ViewController.m */; };
		17CB0AAA18F9210300BBC263 /* Images.xcassets in Resources */ = {isa = PBXBuildFile; fileRef = 17CB0AA918F9210300BBC263 /* Images.xcassets */; };
		17CB0AB118F9210300BBC263 /* XCTest.framework in Frameworks */ = {isa = PBXBuildFile; fileRef = 17CB0AB018F9210300BBC263 /* XCTest.framework */; };
		17CB0AB218F9210300BBC263 /* Foundation.framework in Frameworks */ = {isa = PBXBuildFile; fileRef = 17CB0A9118F9210300BBC263 /* Foundation.framework */; };
		17CB0AB318F9210300BBC263 /* UIKit.framework in Frameworks */ = {isa = PBXBuildFile; fileRef = 17CB0A9518F9210300BBC263 /* UIKit.framework */; };
		17CB0ABB18F9210300BBC263 /* InfoPlist.strings in Resources */ = {isa = PBXBuildFile; fileRef = 17CB0AB918F9210300BBC263 /* InfoPlist.strings */; };
		17CB0ABD18F9210300BBC263 /* GCDTests.m in Sources */ = {isa = PBXBuildFile; fileRef = 17CB0ABC18F9210300BBC263 /* GCDTests.m */; };
/* End PBXBuildFile section */

/* Begin PBXContainerItemProxy section */
		17CB0AB418F9210300BBC263 /* PBXContainerItemProxy */ = {
			isa = PBXContainerItemProxy;
			containerPortal = 17CB0A8618F9210300BBC263 /* Project object */;
			proxyType = 1;
			remoteGlobalIDString = 17CB0A8D18F9210300BBC263;
			remoteInfo = GCD;
		};
/* End PBXContainerItemProxy section */

/* Begin PBXFileReference section */
		17CB0A8E18F9210300BBC263 /* GCD.app */ = {isa = PBXFileReference; explicitFileType = wrapper.application; includeInIndex = 0; path = GCD.app; sourceTree = BUILT_PRODUCTS_DIR; };
		17CB0A9118F9210300BBC263 /* Foundation.framework */ = {isa = PBXFileReference; lastKnownFileType = wrapper.framework; name = Foundation.framework; path = System/Library/Frameworks/Foundation.framework; sourceTree = SDKROOT; };
		17CB0A9318F9210300BBC263 /* CoreGraphics.framework */ = {isa = PBXFileReference; lastKnownFileType = wrapper.framework; name = CoreGraphics.framework; path = System/Library/Frameworks/CoreGraphics.framework; sourceTree = SDKROOT; };
		17CB0A9518F9210300BBC263 /* UIKit.framework */ = {isa = PBXFileReference; lastKnownFileType = wrapper.framework; name = UIKit.framework; path = System/Library/Frameworks/UIKit.framework; sourceTree = SDKROOT; };
		17CB0A9918F9210300BBC263 /* GCD-Info.plist */ = {isa = PBXFileReference; lastKnownFileType = text.plist.xml; path = "GCD-Info.plist"; sourceTree = "<group>"; };
		17CB0A9B18F9210300BBC263 /* en */ = {isa = PBXFileReference; lastKnownFileType = text.plist.strings; name = en; path = en.lproj/InfoPlist.strings; sourceTree = "<group>"; };
		17CB0A9D18F9210300BBC263 /* main.m */ = {isa = PBXFileReference; lastKnownFileType = sourcecode.c.objc; path = main.m; sourceTree = "<group>"; };
		17CB0A9F18F9210300BBC263 /* GCD-Prefix.pch */ = {isa = PBXFileReference; lastKnownFileType = sourcecode.c.h; path = "GCD-Prefix.pch"; sourceTree = "<group>"; };
		17CB0AA018F9210300BBC263 /* AppDelegate.h */ = {isa = PBXFileReference; lastKnownFileType = sourcecode.c.h; path = AppDelegate.h; sourceTree = "<group>"; };
		17CB0AA118F9210300BBC263 /* AppDelegate.m */ = {isa = PBXFileReference; lastKnownFileType = sourcecode.c.objc; path = AppDelegate.m; sourceTree = "<group>"; };
		17CB0AA418F9210300BBC263 /* Base */ = {isa = PBXFileReference; lastKnownFileType = file.storyboard; name = Base; path = Base.lproj/Main.storyboard; sourceTree = "<group>"; };
		17CB0AA618F9210300BBC263 /* ViewController.h */ = {isa = PBXFileReference; lastKnownFileType = sourcecode.c.h; path = ViewController.h; sourceTree = "<group>"; };
		17CB0AA718F9210300BBC263 /* ViewController.m */ = {isa = PBXFileReference; lastKnownFileType = sourcecode.c.objc; path = ViewController.m; sourceTree = "<group>"; };
		17CB0AA918F9210300BBC263 /* Images.xcassets */ = {isa = PBXFileReference; lastKnownFileType = folder.assetcatalog; path = Images.xcassets; sourceTree = "<group>"; };
		17CB0AAF18F9210300BBC263 /* GCDTests.xctest */ = {isa = PBXFileReference; explicitFileType = wrapper.cfbundle; includeInIndex = 0; path = GCDTests.xctest; sourceTree = BUILT_PRODUCTS_DIR; };
		17CB0AB018F9210300BBC263 /* XCTest.framework */ = {isa = PBXFileReference; lastKnownFileType = wrapper.framework; name = XCTest.framework; path = Library/Frameworks/XCTest.framework; sourceTree = DEVELOPER_DIR; };
		17CB0AB818F9210300BBC263 /* GCDTests-Info.plist */ = {isa = PBXFileReference; lastKnownFileType = text.plist.xml; path = "GCDTests-Info.plist"; sourceTree = "<group>"; };
		17CB0ABA18F9210300BBC263 /* en */ = {isa = PBXFileReference; lastKnownFileType = text.plist.strings; name = en; path = en.lproj/InfoPlist.strings; sourceTree = "<group>"; };
		17CB0ABC18F9210300BBC263 /* GCDTests.m */ = {isa = PBXFileReference; lastKnownFileType = sourcecode.c.objc; path = GCDTests.m; sourceTree = "<group>"; };
/* End PBXFileReference section */

/* Begin PBXFrameworksBuildPhase section */
		17CB0A8B18F9210300BBC263 /* Frameworks */ = {
			isa = PBXFrameworksBuildPhase;
			buildActionMask = 2147483647;
			files = (
				17CB0A9418F9210300BBC263 /* CoreGraphics.framework in Frameworks */,
				17CB0A9618F9210300BBC263 /* UIKit.framework in Frameworks */,
				17CB0A9218F9210300BBC263 /* Foundation.framework in Frameworks */,
			);
			runOnlyForDeploymentPostprocessing = 0;
		};
		17CB0AAC18F9210300BBC263 /* Frameworks */ = {
			isa = PBXFrameworksBuildPhase;
			buildActionMask = 2147483647;
			files = (
				17CB0AB118F9210300BBC263 /* XCTest.framework in Frameworks */,
				17CB0AB318F9210300BBC263 /* UIKit.framework in Frameworks */,
				17CB0AB218F9210300BBC263 /* Foundation.framework in Frameworks */,
			);
			runOnlyForDeploymentPostprocessing = 0;
		};
/* End PBXFrameworksBuildPhase section */

/* Begin PBXGroup section */
		17CB0A8518F9210300BBC263 = {
			isa = PBXGroup;
			children = (
				17CB0A9718F9210300BBC263 /* GCD */,
				17CB0AB618F9210300BBC263 /* GCDTests */,
				17CB0A9018F9210300BBC263 /* Frameworks */,
				17CB0A8F18F9210300BBC263 /* Products */,
			);
			sourceTree = "<group>";
		};
		17CB0A8F18F9210300BBC263 /* Products */ = {
			isa = PBXGroup;
			children = (
				17CB0A8E18F9210300BBC263 /* GCD.app */,
				17CB0AAF18F9210300BBC263 /* GCDTests.xctest */,
			);
			name = Products;
			sourceTree = "<group>";
		};
		17CB0A9018F9210300BBC263 /* Frameworks */ = {
			isa = PBXGroup;
			children = (
				17CB0A9118F9210300BBC263 /* Foundation.framework */,
				17CB0A9318F9210300BBC263 /* CoreGraphics.framework */,
				17CB0A9518F9210300BBC263 /* UIKit.framework */,
				17CB0AB018F9210300BBC263 /* XCTest.framework */,
			);
			name = Frameworks;
			sourceTree = "<group>";
		};
		17CB0A9718F9210300BBC263 /* GCD */ = {
			isa = PBXGroup;
			children = (
				17CB0AA018F9210300BBC263 /* AppDelegate.h */,
				17CB0AA118F9210300BBC263 /* AppDelegate.m */,
				17CB0AA318F9210300BBC263 /* Main.storyboard */,
				17CB0AA618F9210300BBC263 /* ViewController.h */,
				17CB0AA718F9210300BBC263 /* ViewController.m */,
				17CB0AA918F9210300BBC263 /* Images.xcassets */,
				17CB0A9818F9210300BBC263 /* Supporting Files */,
			);
			path = GCD;
			sourceTree = "<group>";
		};
		17CB0A9818F9210300BBC263 /* Supporting Files */ = {
			isa = PBXGroup;
			children = (
				17CB0A9918F9210300BBC263 /* GCD-Info.plist */,
				17CB0A9A18F9210300BBC263 /* InfoPlist.strings */,
				17CB0A9D18F9210300BBC263 /* main.m */,
				17CB0A9F18F9210300BBC263 /* GCD-Prefix.pch */,
			);
			name = "Supporting Files";
			sourceTree = "<group>";
		};
		17CB0AB618F9210300BBC263 /* GCDTests */ = {
			isa = PBXGroup;
			children = (
				17CB0ABC18F9210300BBC263 /* GCDTests.m */,
				17CB0AB718F9210300BBC263 /* Supporting Files */,
			);
			path = GCDTests;
			sourceTree = "<group>";
		};
		17CB0AB718F9210300BBC263 /* Supporting Files */ = {
			isa = PBXGroup;
			children = (
				17CB0AB818F9210300BBC263 /* GCDTests-Info.plist */,
				17CB0AB918F9210300BBC263 /* InfoPlist.strings */,
			);
			name = "Supporting Files";
			sourceTree = "<group>";
		};
/* End PBXGroup section */

/* Begin PBXNativeTarget section */
		17CB0A8D18F9210300BBC263 /* GCD */ = {
			isa = PBXNativeTarget;
			buildConfigurationList = 17CB0AC018F9210300BBC263 /* Build configuration list for PBXNativeTarget "GCD" */;
			buildPhases = (
				17CB0A8A18F9210300BBC263 /* Sources */,
				17CB0A8B18F9210300BBC263 /* Frameworks */,
				17CB0A8C18F9210300BBC263 /* Resources */,
			);
			buildRules = (
			);
			dependencies = (
			);
			name = GCD;
			productName = GCD;
			productReference = 17CB0A8E18F9210300BBC263 /* GCD.app */;
			productType = "com.apple.product-type.application";
		};
		17CB0AAE18F9210300BBC263 /* GCDTests */ = {
			isa = PBXNativeTarget;
			buildConfigurationList = 17CB0AC318F9210300BBC263 /* Build configuration list for PBXNativeTarget "GCDTests" */;
			buildPhases = (
				17CB0AAB18F9210300BBC263 /* Sources */,
				17CB0AAC18F9210300BBC263 /* Frameworks */,
				17CB0AAD18F9210300BBC263 /* Resources */,
			);
			buildRules = (
			);
			dependencies = (
				17CB0AB518F9210300BBC263 /* PBXTargetDependency */,
			);
			name = GCDTests;
			productName = GCDTests;
			productReference = 17CB0AAF18F9210300BBC263 /* GCDTests.xctest */;
			productType = "com.apple.product-type.bundle.unit-test";
		};
/* End PBXNativeTarget section */

/* Begin PBXProject section */
		17CB0A8618F9210300BBC263 /* Project object */ = {
			isa = PBXProject;
			attributes = {
				LastUpgradeCheck = 0510;
				ORGANIZATIONNAME = leesong;
				TargetAttributes = {
					17CB0AAE18F9210300BBC263 = {
						TestTargetID = 17CB0A8D18F9210300BBC263;
					};
				};
			};
			buildConfigurationList = 17CB0A8918F9210300BBC263 /* Build configuration list for PBXProject "GCD" */;
			compatibilityVersion = "Xcode 3.2";
			developmentRegion = English;
			hasScannedForEncodings = 0;
			knownRegions = (
				en,
				Base,
			);
			mainGroup = 17CB0A8518F9210300BBC263;
			productRefGroup = 17CB0A8F18F9210300BBC263 /* Products */;
			projectDirPath = "";
			projectRoot = "";
			targets = (
				17CB0A8D18F9210300BBC263 /* GCD */,
				17CB0AAE18F9210300BBC263 /* GCDTests */,
			);
		};
/* End PBXProject section */

/* Begin PBXResourcesBuildPhase section */
		17CB0A8C18F9210300BBC263 /* Resources */ = {
			isa = PBXResourcesBuildPhase;
			buildActionMask = 2147483647;
			files = (
				17CB0AAA18F9210300BBC263 /* Images.xcassets in Resources */,
				17CB0A9C18F9210300BBC263 /* InfoPlist.strings in Resources */,
				17CB0AA518F9210300BBC263 /* Main.storyboard in Resources */,
			);
			runOnlyForDeploymentPostprocessing = 0;
		};
		17CB0AAD18F9210300BBC263 /* Resources */ = {
			isa = PBXResourcesBuildPhase;
			buildActionMask = 2147483647;
			files = (
				17CB0ABB18F9210300BBC263 /* InfoPlist.strings in Resources */,
			);
			runOnlyForDeploymentPostprocessing = 0;
		};
/* End PBXResourcesBuildPhase section */

/* Begin PBXSourcesBuildPhase section */
		17CB0A8A18F9210300BBC263 /* Sources */ = {
			isa = PBXSourcesBuildPhase;
			buildActionMask = 2147483647;
			files = (
				17CB0AA818F9210300BBC263 /* ViewController.m in Sources */,
				17CB0AA218F9210300BBC263 /* AppDelegate.m in Sources */,
				17CB0A9E18F9210300BBC263 /* main.m in Sources */,
			);
			runOnlyForDeploymentPostprocessing = 0;
		};
		17CB0AAB18F9210300BBC263 /* Sources */ = {
			isa = PBXSourcesBuildPhase;
			buildActionMask = 2147483647;
			files = (
				17CB0ABD18F9210300BBC263 /* GCDTests.m in Sources */,
			);
			runOnlyForDeploymentPostprocessing = 0;
		};
/* End PBXSourcesBuildPhase section */

/* Begin PBXTargetDependency section */
		17CB0AB518F9210300BBC263 /* PBXTargetDependency */ = {
			isa = PBXTargetDependency;
			target = 17CB0A8D18F9210300BBC263 /* GCD */;
			targetProxy = 17CB0AB418F9210300BBC263 /* PBXContainerItemProxy */;
		};
/* End PBXTargetDependency section */

/* Begin PBXVariantGroup section */
		17CB0A9A18F9210300BBC263 /* InfoPlist.strings */ = {
			isa = PBXVariantGroup;
			children = (
				17CB0A9B18F9210300BBC263 /* en */,
			);
			name = InfoPlist.strings;
			sourceTree = "<group>";
		};
		17CB0AA318F9210300BBC263 /* Main.storyboard */ = {
			isa = PBXVariantGroup;
			children = (
				17CB0AA418F9210300BBC263 /* Base */,
			);
			name = Main.storyboard;
			sourceTree = "<group>";
		};
		17CB0AB918F9210300BBC263 /* InfoPlist.strings */ = {
			isa = PBXVariantGroup;
			children = (
				17CB0ABA18F9210300BBC263 /* en */,
			);
			name = InfoPlist.strings;
			sourceTree = "<group>";
		};
/* End PBXVariantGroup section */

/* Begin XCBuildConfiguration section */
		17CB0ABE18F9210300BBC263 /* Debug */ = {
			isa = XCBuildConfiguration;
			buildSettings = {
				ALWAYS_SEARCH_USER_PATHS = NO;
				CLANG_CXX_LANGUAGE_STANDARD = "gnu++0x";
				CLANG_CXX_LIBRARY = "libc++";
				CLANG_ENABLE_MODULES = YES;
				CLANG_ENABLE_OBJC_ARC = YES;
				CLANG_WARN_BOOL_CONVERSION = YES;
				CLANG_WARN_CONSTANT_CONVERSION = YES;
				CLANG_WARN_DIRECT_OBJC_ISA_USAGE = YES_ERROR;
				CLANG_WARN_EMPTY_BODY = YES;
				CLANG_WARN_ENUM_CONVERSION = YES;
				CLANG_WARN_INT_CONVERSION = YES;
				CLANG_WARN_OBJC_ROOT_CLASS = YES_ERROR;
				CLANG_WARN__DUPLICATE_METHOD_MATCH = YES;
				"CODE_SIGN_IDENTITY[sdk=iphoneos*]" = "iPhone Developer";
				COPY_PHASE_STRIP = NO;
				GCC_C_LANGUAGE_STANDARD = gnu99;
				GCC_DYNAMIC_NO_PIC = NO;
				GCC_OPTIMIZATION_LEVEL = 0;
				GCC_PREPROCESSOR_DEFINITIONS = (
					"DEBUG=1",
					"$(inherited)",
				);
				GCC_SYMBOLS_PRIVATE_EXTERN = NO;
				GCC_WARN_64_TO_32_BIT_CONVERSION = YES;
				GCC_WARN_ABOUT_RETURN_TYPE = YES_ERROR;
				GCC_WARN_UNDECLARED_SELECTOR = YES;
				GCC_WARN_UNINITIALIZED_AUTOS = YES_AGGRESSIVE;
				GCC_WARN_UNUSED_FUNCTION = YES;
				GCC_WARN_UNUSED_VARIABLE = YES;
				IPHONEOS_DEPLOYMENT_TARGET = 7.1;
				ONLY_ACTIVE_ARCH = YES;
				SDKROOT = iphoneos;
			};
			name = Debug;
		};
		17CB0ABF18F9210300BBC263 /* Release */ = {
			isa = XCBuildConfiguration;
			buildSettings = {
				ALWAYS_SEARCH_USER_PATHS = NO;
				CLANG_CXX_LANGUAGE_STANDARD = "gnu++0x";
				CLANG_CXX_LIBRARY = "libc++";
				CLANG_ENABLE_MODULES = YES;
				CLANG_ENABLE_OBJC_ARC = YES;
				CLANG_WARN_BOOL_CONVERSION = YES;
				CLANG_WARN_CONSTANT_CONVERSION = YES;
				CLANG_WARN_DIRECT_OBJC_ISA_USAGE = YES_ERROR;
				CLANG_WARN_EMPTY_BODY = YES;
				CLANG_WARN_ENUM_CONVERSION = YES;
				CLANG_WARN_INT_CONVERSION = YES;
				CLANG_WARN_OBJC_ROOT_CLASS = YES_ERROR;
				CLANG_WARN__DUPLICATE_METHOD_MATCH = YES;
				"CODE_SIGN_IDENTITY[sdk=iphoneos*]" = "iPhone Developer";
				COPY_PHASE_STRIP = YES;
				ENABLE_NS_ASSERTIONS = NO;
				GCC_C_LANGUAGE_STANDARD = gnu99;
				GCC_WARN_64_TO_32_BIT_CONVERSION = YES;
				GCC_WARN_ABOUT_RETURN_TYPE = YES_ERROR;
				GCC_WARN_UNDECLARED_SELECTOR = YES;
				GCC_WARN_UNINITIALIZED_AUTOS = YES_AGGRESSIVE;
				GCC_WARN_UNUSED_FUNCTION = YES;
				GCC_WARN_UNUSED_VARIABLE = YES;
				IPHONEOS_DEPLOYMENT_TARGET = 7.1;
				SDKROOT = iphoneos;
				VALIDATE_PRODUCT = YES;
			};
			name = Release;
		};
		17CB0AC118F9210300BBC263 /* Debug */ = {
			isa = XCBuildConfiguration;
			buildSettings = {
				ASSETCATALOG_COMPILER_APPICON_NAME = AppIcon;
				ASSETCATALOG_COMPILER_LAUNCHIMAGE_NAME = LaunchImage;
				GCC_PRECOMPILE_PREFIX_HEADER = YES;
				GCC_PREFIX_HEADER = "GCD/GCD-Prefix.pch";
				INFOPLIST_FILE = "GCD/GCD-Info.plist";
				PRODUCT_NAME = "$(TARGET_NAME)";
				WRAPPER_EXTENSION = app;
			};
			name = Debug;
		};
		17CB0AC218F9210300BBC263 /* Release */ = {
			isa = XCBuildConfiguration;
			buildSettings = {
				ASSETCATALOG_COMPILER_APPICON_NAME = AppIcon;
				ASSETCATALOG_COMPILER_LAUNCHIMAGE_NAME = LaunchImage;
				GCC_PRECOMPILE_PREFIX_HEADER = YES;
				GCC_PREFIX_HEADER = "GCD/GCD-Prefix.pch";
				INFOPLIST_FILE = "GCD/GCD-Info.plist";
				PRODUCT_NAME = "$(TARGET_NAME)";
				WRAPPER_EXTENSION = app;
			};
			name = Release;
		};
		17CB0AC418F9210300BBC263 /* Debug */ = {
			isa = XCBuildConfiguration;
			buildSettings = {
				BUNDLE_LOADER = "$(BUILT_PRODUCTS_DIR)/GCD.app/GCD";
				FRAMEWORK_SEARCH_PATHS = (
					"$(SDKROOT)/Developer/Library/Frameworks",
					"$(inherited)",
					"$(DEVELOPER_FRAMEWORKS_DIR)",
				);
				GCC_PRECOMPILE_PREFIX_HEADER = YES;
				GCC_PREFIX_HEADER = "GCD/GCD-Prefix.pch";
				GCC_PREPROCESSOR_DEFINITIONS = (
					"DEBUG=1",
					"$(inherited)",
				);
				INFOPLIST_FILE = "GCDTests/GCDTests-Info.plist";
				PRODUCT_NAME = "$(TARGET_NAME)";
				TEST_HOST = "$(BUNDLE_LOADER)";
				WRAPPER_EXTENSION = xctest;
			};
			name = Debug;
		};
		17CB0AC518F9210300BBC263 /* Release */ = {
			isa = XCBuildConfiguration;
			buildSettings = {
				BUNDLE_LOADER = "$(BUILT_PRODUCTS_DIR)/GCD.app/GCD";
				FRAMEWORK_SEARCH_PATHS = (
					"$(SDKROOT)/Developer/Library/Frameworks",
					"$(inherited)",
					"$(DEVELOPER_FRAMEWORKS_DIR)",
				);
				GCC_PRECOMPILE_PREFIX_HEADER = YES;
				GCC_PREFIX_HEADER = "GCD/GCD-Prefix.pch";
				INFOPLIST_FILE = "GCDTests/GCDTests-Info.plist";
				PRODUCT_NAME = "$(TARGET_NAME)";
				TEST_HOST = "$(BUNDLE_LOADER)";
				WRAPPER_EXTENSION = xctest;
			};
			name = Release;
		};
/* End XCBuildConfiguration section */

/* Begin XCConfigurationList section */
		17CB0A8918F9210300BBC263 /* Build configuration list for PBXProject "GCD" */ = {
			isa = XCConfigurationList;
			buildConfigurations = (
				17CB0ABE18F9210300BBC263 /* Debug */,
				17CB0ABF18F9210300BBC263 /* Release */,
			);
			defaultConfigurationIsVisible = 0;
			defaultConfigurationName = Release;
		};
		17CB0AC018F9210300BBC263 /* Build configuration list for PBXNativeTarget "GCD" */ = {
			isa = XCConfigurationList;
			buildConfigurations = (
				17CB0AC118F9210300BBC263 /* Debug */,
				17CB0AC218F9210300BBC263 /* Release */,
			);
			defaultConfigurationIsVisible = 0;
		};
		17CB0AC318F9210300BBC263 /* Build configuration list for PBXNativeTarget "GCDTests" */ = {
			isa = XCConfigurationList;
			buildConfigurations = (
				17CB0AC418F9210300BBC263 /* Debug */,
				17CB0AC518F9210300BBC263 /* Release */,
			);
			defaultConfigurationIsVisible = 0;
		};
/* End XCConfigurationList section */
	};
	rootObject = 17CB0A8618F9210300BBC263 /* Project object */;
}
