// !$*UTF8*$!
{
	archiveVersion = 1;
	classes = {
	};
	objectVersion = 46;
	objects = {

/* Begin PBXBuildFile section */
		17843E5C18E14F9600B64FE5 /* Foundation.framework in Frameworks */ = {isa = PBXBuildFile; fileRef = 17843E5B18E14F9600B64FE5 /* Foundation.framework */; };
		17843E5E18E14F9600B64FE5 /* CoreGraphics.framework in Frameworks */ = {isa = PBXBuildFile; fileRef = 17843E5D18E14F9600B64FE5 /* CoreGraphics.framework */; };
		17843E6018E14F9600B64FE5 /* UIKit.framework in Frameworks */ = {isa = PBXBuildFile; fileRef = 17843E5F18E14F9600B64FE5 /* UIKit.framework */; };
		17843E6618E14F9600B64FE5 /* InfoPlist.strings in Resources */ = {isa = PBXBuildFile; fileRef = 17843E6418E14F9600B64FE5 /* InfoPlist.strings */; };
		17843E6818E14F9600B64FE5 /* main.m in Sources */ = {isa = PBXBuildFile; fileRef = 17843E6718E14F9600B64FE5 /* main.m */; };
		17843E6C18E14F9600B64FE5 /* AppDelegate.m in Sources */ = {isa = PBXBuildFile; fileRef = 17843E6B18E14F9600B64FE5 /* AppDelegate.m */; };
		17843E6E18E14F9600B64FE5 /* Images.xcassets in Resources */ = {isa = PBXBuildFile; fileRef = 17843E6D18E14F9600B64FE5 /* Images.xcassets */; };
		17843E7518E14F9600B64FE5 /* XCTest.framework in Frameworks */ = {isa = PBXBuildFile; fileRef = 17843E7418E14F9600B64FE5 /* XCTest.framework */; };
		17843E7618E14F9600B64FE5 /* Foundation.framework in Frameworks */ = {isa = PBXBuildFile; fileRef = 17843E5B18E14F9600B64FE5 /* Foundation.framework */; };
		17843E7718E14F9600B64FE5 /* UIKit.framework in Frameworks */ = {isa = PBXBuildFile; fileRef = 17843E5F18E14F9600B64FE5 /* UIKit.framework */; };
		17843E7F18E14F9600B64FE5 /* InfoPlist.strings in Resources */ = {isa = PBXBuildFile; fileRef = 17843E7D18E14F9600B64FE5 /* InfoPlist.strings */; };
		17843E8118E14F9600B64FE5 /* CoreData_selfTests.m in Sources */ = {isa = PBXBuildFile; fileRef = 17843E8018E14F9600B64FE5 /* CoreData_selfTests.m */; };
		17843E8C18E14FBB00B64FE5 /* MainViewController.m in Sources */ = {isa = PBXBuildFile; fileRef = 17843E8B18E14FBB00B64FE5 /* MainViewController.m */; };
		17843E8F18E14FF000B64FE5 /* coreTableViewController.m in Sources */ = {isa = PBXBuildFile; fileRef = 17843E8E18E14FF000B64FE5 /* coreTableViewController.m */; };
		17843E9218E1542C00B64FE5 /* stuName.xcdatamodeld in Sources */ = {isa = PBXBuildFile; fileRef = 17843E9018E1542C00B64FE5 /* stuName.xcdatamodeld */; };
		17843E9518E1545F00B64FE5 /* StuName.m in Sources */ = {isa = PBXBuildFile; fileRef = 17843E9418E1545F00B64FE5 /* StuName.m */; };
		17843E9718E1547400B64FE5 /* CoreData.framework in Frameworks */ = {isa = PBXBuildFile; fileRef = 17843E9618E1547400B64FE5 /* CoreData.framework */; };
		17843E9A18E1549100B64FE5 /* CoreDataManager.m in Sources */ = {isa = PBXBuildFile; fileRef = 17843E9918E1549100B64FE5 /* CoreDataManager.m */; };
/* End PBXBuildFile section */

/* Begin PBXContainerItemProxy section */
		17843E7818E14F9600B64FE5 /* PBXContainerItemProxy */ = {
			isa = PBXContainerItemProxy;
			containerPortal = 17843E5018E14F9600B64FE5 /* Project object */;
			proxyType = 1;
			remoteGlobalIDString = 17843E5718E14F9600B64FE5;
			remoteInfo = CoreData_self;
		};
/* End PBXContainerItemProxy section */

/* Begin PBXFileReference section */
		17843E5818E14F9600B64FE5 /* CoreData_self.app */ = {isa = PBXFileReference; explicitFileType = wrapper.application; includeInIndex = 0; path = CoreData_self.app; sourceTree = BUILT_PRODUCTS_DIR; };
		17843E5B18E14F9600B64FE5 /* Foundation.framework */ = {isa = PBXFileReference; lastKnownFileType = wrapper.framework; name = Foundation.framework; path = System/Library/Frameworks/Foundation.framework; sourceTree = SDKROOT; };
		17843E5D18E14F9600B64FE5 /* CoreGraphics.framework */ = {isa = PBXFileReference; lastKnownFileType = wrapper.framework; name = CoreGraphics.framework; path = System/Library/Frameworks/CoreGraphics.framework; sourceTree = SDKROOT; };
		17843E5F18E14F9600B64FE5 /* UIKit.framework */ = {isa = PBXFileReference; lastKnownFileType = wrapper.framework; name = UIKit.framework; path = System/Library/Frameworks/UIKit.framework; sourceTree = SDKROOT; };
		17843E6318E14F9600B64FE5 /* CoreData_self-Info.plist */ = {isa = PBXFileReference; lastKnownFileType = text.plist.xml; path = "CoreData_self-Info.plist"; sourceTree = "<group>"; };
		17843E6518E14F9600B64FE5 /* en */ = {isa = PBXFileReference; lastKnownFileType = text.plist.strings; name = en; path = en.lproj/InfoPlist.strings; sourceTree = "<group>"; };
		17843E6718E14F9600B64FE5 /* main.m */ = {isa = PBXFileReference; lastKnownFileType = sourcecode.c.objc; path = main.m; sourceTree = "<group>"; };
		17843E6918E14F9600B64FE5 /* CoreData_self-Prefix.pch */ = {isa = PBXFileReference; lastKnownFileType = sourcecode.c.h; path = "CoreData_self-Prefix.pch"; sourceTree = "<group>"; };
		17843E6A18E14F9600B64FE5 /* AppDelegate.h */ = {isa = PBXFileReference; lastKnownFileType = sourcecode.c.h; path = AppDelegate.h; sourceTree = "<group>"; };
		17843E6B18E14F9600B64FE5 /* AppDelegate.m */ = {isa = PBXFileReference; lastKnownFileType = sourcecode.c.objc; path = AppDelegate.m; sourceTree = "<group>"; };
		17843E6D18E14F9600B64FE5 /* Images.xcassets */ = {isa = PBXFileReference; lastKnownFileType = folder.assetcatalog; path = Images.xcassets; sourceTree = "<group>"; };
		17843E7318E14F9600B64FE5 /* CoreData_selfTests.xctest */ = {isa = PBXFileReference; explicitFileType = wrapper.cfbundle; includeInIndex = 0; path = CoreData_selfTests.xctest; sourceTree = BUILT_PRODUCTS_DIR; };
		17843E7418E14F9600B64FE5 /* XCTest.framework */ = {isa = PBXFileReference; lastKnownFileType = wrapper.framework; name = XCTest.framework; path = Library/Frameworks/XCTest.framework; sourceTree = DEVELOPER_DIR; };
		17843E7C18E14F9600B64FE5 /* CoreData_selfTests-Info.plist */ = {isa = PBXFileReference; lastKnownFileType = text.plist.xml; path = "CoreData_selfTests-Info.plist"; sourceTree = "<group>"; };
		17843E7E18E14F9600B64FE5 /* en */ = {isa = PBXFileReference; lastKnownFileType = text.plist.strings; name = en; path = en.lproj/InfoPlist.strings; sourceTree = "<group>"; };
		17843E8018E14F9600B64FE5 /* CoreData_selfTests.m */ = {isa = PBXFileReference; lastKnownFileType = sourcecode.c.objc; path = CoreData_selfTests.m; sourceTree = "<group>"; };
		17843E8A18E14FBB00B64FE5 /* MainViewController.h */ = {isa = PBXFileReference; fileEncoding = 4; lastKnownFileType = sourcecode.c.h; path = MainViewController.h; sourceTree = "<group>"; };
		17843E8B18E14FBB00B64FE5 /* MainViewController.m */ = {isa = PBXFileReference; fileEncoding = 4; lastKnownFileType = sourcecode.c.objc; path = MainViewController.m; sourceTree = "<group>"; };
		17843E8D18E14FF000B64FE5 /* coreTableViewController.h */ = {isa = PBXFileReference; fileEncoding = 4; lastKnownFileType = sourcecode.c.h; path = coreTableViewController.h; sourceTree = "<group>"; };
		17843E8E18E14FF000B64FE5 /* coreTableViewController.m */ = {isa = PBXFileReference; fileEncoding = 4; lastKnownFileType = sourcecode.c.objc; path = coreTableViewController.m; sourceTree = "<group>"; };
		17843E9118E1542C00B64FE5 /* stuName.xcdatamodel */ = {isa = PBXFileReference; lastKnownFileType = wrapper.xcdatamodel; path = stuName.xcdatamodel; sourceTree = "<group>"; };
		17843E9318E1545F00B64FE5 /* StuName.h */ = {isa = PBXFileReference; fileEncoding = 4; lastKnownFileType = sourcecode.c.h; path = StuName.h; sourceTree = "<group>"; };
		17843E9418E1545F00B64FE5 /* StuName.m */ = {isa = PBXFileReference; fileEncoding = 4; lastKnownFileType = sourcecode.c.objc; path = StuName.m; sourceTree = "<group>"; };
		17843E9618E1547400B64FE5 /* CoreData.framework */ = {isa = PBXFileReference; lastKnownFileType = wrapper.framework; name = CoreData.framework; path = System/Library/Frameworks/CoreData.framework; sourceTree = SDKROOT; };
		17843E9818E1549100B64FE5 /* CoreDataManager.h */ = {isa = PBXFileReference; fileEncoding = 4; lastKnownFileType = sourcecode.c.h; path = CoreDataManager.h; sourceTree = "<group>"; };
		17843E9918E1549100B64FE5 /* CoreDataManager.m */ = {isa = PBXFileReference; fileEncoding = 4; lastKnownFileType = sourcecode.c.objc; path = CoreDataManager.m; sourceTree = "<group>"; };
/* End PBXFileReference section */

/* Begin PBXFrameworksBuildPhase section */
		17843E5518E14F9600B64FE5 /* Frameworks */ = {
			isa = PBXFrameworksBuildPhase;
			buildActionMask = 2147483647;
			files = (
				17843E9718E1547400B64FE5 /* CoreData.framework in Frameworks */,
				17843E5E18E14F9600B64FE5 /* CoreGraphics.framework in Frameworks */,
				17843E6018E14F9600B64FE5 /* UIKit.framework in Frameworks */,
				17843E5C18E14F9600B64FE5 /* Foundation.framework in Frameworks */,
			);
			runOnlyForDeploymentPostprocessing = 0;
		};
		17843E7018E14F9600B64FE5 /* Frameworks */ = {
			isa = PBXFrameworksBuildPhase;
			buildActionMask = 2147483647;
			files = (
				17843E7518E14F9600B64FE5 /* XCTest.framework in Frameworks */,
				17843E7718E14F9600B64FE5 /* UIKit.framework in Frameworks */,
				17843E7618E14F9600B64FE5 /* Foundation.framework in Frameworks */,
			);
			runOnlyForDeploymentPostprocessing = 0;
		};
/* End PBXFrameworksBuildPhase section */

/* Begin PBXGroup section */
		17843E4F18E14F9600B64FE5 = {
			isa = PBXGroup;
			children = (
				17843E6118E14F9600B64FE5 /* CoreData_self */,
				17843E7A18E14F9600B64FE5 /* CoreData_selfTests */,
				17843E5A18E14F9600B64FE5 /* Frameworks */,
				17843E5918E14F9600B64FE5 /* Products */,
			);
			sourceTree = "<group>";
		};
		17843E5918E14F9600B64FE5 /* Products */ = {
			isa = PBXGroup;
			children = (
				17843E5818E14F9600B64FE5 /* CoreData_self.app */,
				17843E7318E14F9600B64FE5 /* CoreData_selfTests.xctest */,
			);
			name = Products;
			sourceTree = "<group>";
		};
		17843E5A18E14F9600B64FE5 /* Frameworks */ = {
			isa = PBXGroup;
			children = (
				17843E9618E1547400B64FE5 /* CoreData.framework */,
				17843E5B18E14F9600B64FE5 /* Foundation.framework */,
				17843E5D18E14F9600B64FE5 /* CoreGraphics.framework */,
				17843E5F18E14F9600B64FE5 /* UIKit.framework */,
				17843E7418E14F9600B64FE5 /* XCTest.framework */,
			);
			name = Frameworks;
			sourceTree = "<group>";
		};
		17843E6118E14F9600B64FE5 /* CoreData_self */ = {
			isa = PBXGroup;
			children = (
				17843E6A18E14F9600B64FE5 /* AppDelegate.h */,
				17843E6B18E14F9600B64FE5 /* AppDelegate.m */,
				17843E8A18E14FBB00B64FE5 /* MainViewController.h */,
				17843E8B18E14FBB00B64FE5 /* MainViewController.m */,
				17843E8D18E14FF000B64FE5 /* coreTableViewController.h */,
				17843E8E18E14FF000B64FE5 /* coreTableViewController.m */,
				17843E9818E1549100B64FE5 /* CoreDataManager.h */,
				17843E9918E1549100B64FE5 /* CoreDataManager.m */,
				17843E6D18E14F9600B64FE5 /* Images.xcassets */,
				17843E6218E14F9600B64FE5 /* Supporting Files */,
			);
			path = CoreData_self;
			sourceTree = "<group>";
		};
		17843E6218E14F9600B64FE5 /* Supporting Files */ = {
			isa = PBXGroup;
			children = (
				17843E9B18E1674E00B64FE5 /* New Group */,
				17843E9018E1542C00B64FE5 /* stuName.xcdatamodeld */,
				17843E9318E1545F00B64FE5 /* StuName.h */,
				17843E9418E1545F00B64FE5 /* StuName.m */,
				17843E6318E14F9600B64FE5 /* CoreData_self-Info.plist */,
				17843E6418E14F9600B64FE5 /* InfoPlist.strings */,
				17843E6718E14F9600B64FE5 /* main.m */,
				17843E6918E14F9600B64FE5 /* CoreData_self-Prefix.pch */,
			);
			name = "Supporting Files";
			sourceTree = "<group>";
		};
		17843E7A18E14F9600B64FE5 /* CoreData_selfTests */ = {
			isa = PBXGroup;
			children = (
				17843E8018E14F9600B64FE5 /* CoreData_selfTests.m */,
				17843E7B18E14F9600B64FE5 /* Supporting Files */,
			);
			path = CoreData_selfTests;
			sourceTree = "<group>";
		};
		17843E7B18E14F9600B64FE5 /* Supporting Files */ = {
			isa = PBXGroup;
			children = (
				17843E7C18E14F9600B64FE5 /* CoreData_selfTests-Info.plist */,
				17843E7D18E14F9600B64FE5 /* InfoPlist.strings */,
			);
			name = "Supporting Files";
			sourceTree = "<group>";
		};
		17843E9B18E1674E00B64FE5 /* New Group */ = {
			isa = PBXGroup;
			children = (
			);
			name = "New Group";
			sourceTree = "<group>";
		};
/* End PBXGroup section */

/* Begin PBXNativeTarget section */
		17843E5718E14F9600B64FE5 /* CoreData_self */ = {
			isa = PBXNativeTarget;
			buildConfigurationList = 17843E8418E14F9600B64FE5 /* Build configuration list for PBXNativeTarget "CoreData_self" */;
			buildPhases = (
				17843E5418E14F9600B64FE5 /* Sources */,
				17843E5518E14F9600B64FE5 /* Frameworks */,
				17843E5618E14F9600B64FE5 /* Resources */,
			);
			buildRules = (
			);
			dependencies = (
			);
			name = CoreData_self;
			productName = CoreData_self;
			productReference = 17843E5818E14F9600B64FE5 /* CoreData_self.app */;
			productType = "com.apple.product-type.application";
		};
		17843E7218E14F9600B64FE5 /* CoreData_selfTests */ = {
			isa = PBXNativeTarget;
			buildConfigurationList = 17843E8718E14F9600B64FE5 /* Build configuration list for PBXNativeTarget "CoreData_selfTests" */;
			buildPhases = (
				17843E6F18E14F9600B64FE5 /* Sources */,
				17843E7018E14F9600B64FE5 /* Frameworks */,
				17843E7118E14F9600B64FE5 /* Resources */,
			);
			buildRules = (
			);
			dependencies = (
				17843E7918E14F9600B64FE5 /* PBXTargetDependency */,
			);
			name = CoreData_selfTests;
			productName = CoreData_selfTests;
			productReference = 17843E7318E14F9600B64FE5 /* CoreData_selfTests.xctest */;
			productType = "com.apple.product-type.bundle.unit-test";
		};
/* End PBXNativeTarget section */

/* Begin PBXProject section */
		17843E5018E14F9600B64FE5 /* Project object */ = {
			isa = PBXProject;
			attributes = {
				LastUpgradeCheck = 0510;
				ORGANIZATIONNAME = freeDev;
				TargetAttributes = {
					17843E7218E14F9600B64FE5 = {
						TestTargetID = 17843E5718E14F9600B64FE5;
					};
				};
			};
			buildConfigurationList = 17843E5318E14F9600B64FE5 /* Build configuration list for PBXProject "CoreData_self" */;
			compatibilityVersion = "Xcode 3.2";
			developmentRegion = English;
			hasScannedForEncodings = 0;
			knownRegions = (
				en,
			);
			mainGroup = 17843E4F18E14F9600B64FE5;
			productRefGroup = 17843E5918E14F9600B64FE5 /* Products */;
			projectDirPath = "";
			projectRoot = "";
			targets = (
				17843E5718E14F9600B64FE5 /* CoreData_self */,
				17843E7218E14F9600B64FE5 /* CoreData_selfTests */,
			);
		};
/* End PBXProject section */

/* Begin PBXResourcesBuildPhase section */
		17843E5618E14F9600B64FE5 /* Resources */ = {
			isa = PBXResourcesBuildPhase;
			buildActionMask = 2147483647;
			files = (
				17843E6618E14F9600B64FE5 /* InfoPlist.strings in Resources */,
				17843E6E18E14F9600B64FE5 /* Images.xcassets in Resources */,
			);
			runOnlyForDeploymentPostprocessing = 0;
		};
		17843E7118E14F9600B64FE5 /* Resources */ = {
			isa = PBXResourcesBuildPhase;
			buildActionMask = 2147483647;
			files = (
				17843E7F18E14F9600B64FE5 /* InfoPlist.strings in Resources */,
			);
			runOnlyForDeploymentPostprocessing = 0;
		};
/* End PBXResourcesBuildPhase section */

/* Begin PBXSourcesBuildPhase section */
		17843E5418E14F9600B64FE5 /* Sources */ = {
			isa = PBXSourcesBuildPhase;
			buildActionMask = 2147483647;
			files = (
				17843E9218E1542C00B64FE5 /* stuName.xcdatamodeld in Sources */,
				17843E9A18E1549100B64FE5 /* CoreDataManager.m in Sources */,
				17843E8F18E14FF000B64FE5 /* coreTableViewController.m in Sources */,
				17843E6C18E14F9600B64FE5 /* AppDelegate.m in Sources */,
				17843E8C18E14FBB00B64FE5 /* MainViewController.m in Sources */,
				17843E6818E14F9600B64FE5 /* main.m in Sources */,
				17843E9518E1545F00B64FE5 /* StuName.m in Sources */,
			);
			runOnlyForDeploymentPostprocessing = 0;
		};
		17843E6F18E14F9600B64FE5 /* Sources */ = {
			isa = PBXSourcesBuildPhase;
			buildActionMask = 2147483647;
			files = (
				17843E8118E14F9600B64FE5 /* CoreData_selfTests.m in Sources */,
			);
			runOnlyForDeploymentPostprocessing = 0;
		};
/* End PBXSourcesBuildPhase section */

/* Begin PBXTargetDependency section */
		17843E7918E14F9600B64FE5 /* PBXTargetDependency */ = {
			isa = PBXTargetDependency;
			target = 17843E5718E14F9600B64FE5 /* CoreData_self */;
			targetProxy = 17843E7818E14F9600B64FE5 /* PBXContainerItemProxy */;
		};
/* End PBXTargetDependency section */

/* Begin PBXVariantGroup section */
		17843E6418E14F9600B64FE5 /* InfoPlist.strings */ = {
			isa = PBXVariantGroup;
			children = (
				17843E6518E14F9600B64FE5 /* en */,
			);
			name = InfoPlist.strings;
			sourceTree = "<group>";
		};
		17843E7D18E14F9600B64FE5 /* InfoPlist.strings */ = {
			isa = PBXVariantGroup;
			children = (
				17843E7E18E14F9600B64FE5 /* en */,
			);
			name = InfoPlist.strings;
			sourceTree = "<group>";
		};
/* End PBXVariantGroup section */

/* Begin XCBuildConfiguration section */
		17843E8218E14F9600B64FE5 /* Debug */ = {
			isa = XCBuildConfiguration;
			buildSettings = {
				ALWAYS_SEARCH_USER_PATHS = NO;
				CLANG_CXX_LANGUAGE_STANDARD = "gnu++0x";
				CLANG_CXX_LIBRARY = "libc++";
				CLANG_ENABLE_MODULES = YES;
				CLANG_ENABLE_OBJC_ARC = NO;
				CLANG_WARN_BOOL_CONVERSION = YES;
				CLANG_WARN_CONSTANT_CONVERSION = YES;
				CLANG_WARN_DIRECT_OBJC_ISA_USAGE = YES_ERROR;
				CLANG_WARN_EMPTY_BODY = YES;
				CLANG_WARN_ENUM_CONVERSION = YES;
				CLANG_WARN_INT_CONVERSION = YES;
				CLANG_WARN_OBJC_ROOT_CLASS = YES_ERROR;
				CLANG_WARN__DUPLICATE_METHOD_MATCH = YES;
				"CODE_SIGN_IDENTITY[sdk=iphoneos*]" = "iPhone Developer";
				COPY_PHASE_STRIP = NO;
				GCC_C_LANGUAGE_STANDARD = gnu99;
				GCC_DYNAMIC_NO_PIC = NO;
				GCC_OPTIMIZATION_LEVEL = 0;
				GCC_PREPROCESSOR_DEFINITIONS = (
					"DEBUG=1",
					"$(inherited)",
				);
				GCC_SYMBOLS_PRIVATE_EXTERN = NO;
				GCC_WARN_64_TO_32_BIT_CONVERSION = YES;
				GCC_WARN_ABOUT_RETURN_TYPE = YES_ERROR;
				GCC_WARN_UNDECLARED_SELECTOR = YES;
				GCC_WARN_UNINITIALIZED_AUTOS = YES_AGGRESSIVE;
				GCC_WARN_UNUSED_FUNCTION = YES;
				GCC_WARN_UNUSED_VARIABLE = YES;
				IPHONEOS_DEPLOYMENT_TARGET = 7.1;
				ONLY_ACTIVE_ARCH = YES;
				SDKROOT = iphoneos;
			};
			name = Debug;
		};
		17843E8318E14F9600B64FE5 /* Release */ = {
			isa = XCBuildConfiguration;
			buildSettings = {
				ALWAYS_SEARCH_USER_PATHS = NO;
				CLANG_CXX_LANGUAGE_STANDARD = "gnu++0x";
				CLANG_CXX_LIBRARY = "libc++";
				CLANG_ENABLE_MODULES = YES;
				CLANG_ENABLE_OBJC_ARC = NO;
				CLANG_WARN_BOOL_CONVERSION = YES;
				CLANG_WARN_CONSTANT_CONVERSION = YES;
				CLANG_WARN_DIRECT_OBJC_ISA_USAGE = YES_ERROR;
				CLANG_WARN_EMPTY_BODY = YES;
				CLANG_WARN_ENUM_CONVERSION = YES;
				CLANG_WARN_INT_CONVERSION = YES;
				CLANG_WARN_OBJC_ROOT_CLASS = YES_ERROR;
				CLANG_WARN__DUPLICATE_METHOD_MATCH = YES;
				"CODE_SIGN_IDENTITY[sdk=iphoneos*]" = "iPhone Developer";
				COPY_PHASE_STRIP = YES;
				ENABLE_NS_ASSERTIONS = NO;
				GCC_C_LANGUAGE_STANDARD = gnu99;
				GCC_WARN_64_TO_32_BIT_CONVERSION = YES;
				GCC_WARN_ABOUT_RETURN_TYPE = YES_ERROR;
				GCC_WARN_UNDECLARED_SELECTOR = YES;
				GCC_WARN_UNINITIALIZED_AUTOS = YES_AGGRESSIVE;
				GCC_WARN_UNUSED_FUNCTION = YES;
				GCC_WARN_UNUSED_VARIABLE = YES;
				IPHONEOS_DEPLOYMENT_TARGET = 7.1;
				SDKROOT = iphoneos;
				VALIDATE_PRODUCT = YES;
			};
			name = Release;
		};
		17843E8518E14F9600B64FE5 /* Debug */ = {
			isa = XCBuildConfiguration;
			buildSettings = {
				ASSETCATALOG_COMPILER_APPICON_NAME = AppIcon;
				ASSETCATALOG_COMPILER_LAUNCHIMAGE_NAME = LaunchImage;
				GCC_PRECOMPILE_PREFIX_HEADER = YES;
				GCC_PREFIX_HEADER = "CoreData_self/CoreData_self-Prefix.pch";
				INFOPLIST_FILE = "CoreData_self/CoreData_self-Info.plist";
				PRODUCT_NAME = "$(TARGET_NAME)";
				WRAPPER_EXTENSION = app;
			};
			name = Debug;
		};
		17843E8618E14F9600B64FE5 /* Release */ = {
			isa = XCBuildConfiguration;
			buildSettings = {
				ASSETCATALOG_COMPILER_APPICON_NAME = AppIcon;
				ASSETCATALOG_COMPILER_LAUNCHIMAGE_NAME = LaunchImage;
				GCC_PRECOMPILE_PREFIX_HEADER = YES;
				GCC_PREFIX_HEADER = "CoreData_self/CoreData_self-Prefix.pch";
				INFOPLIST_FILE = "CoreData_self/CoreData_self-Info.plist";
				PRODUCT_NAME = "$(TARGET_NAME)";
				WRAPPER_EXTENSION = app;
			};
			name = Release;
		};
		17843E8818E14F9600B64FE5 /* Debug */ = {
			isa = XCBuildConfiguration;
			buildSettings = {
				BUNDLE_LOADER = "$(BUILT_PRODUCTS_DIR)/CoreData_self.app/CoreData_self";
				FRAMEWORK_SEARCH_PATHS = (
					"$(SDKROOT)/Developer/Library/Frameworks",
					"$(inherited)",
					"$(DEVELOPER_FRAMEWORKS_DIR)",
				);
				GCC_PRECOMPILE_PREFIX_HEADER = YES;
				GCC_PREFIX_HEADER = "CoreData_self/CoreData_self-Prefix.pch";
				GCC_PREPROCESSOR_DEFINITIONS = (
					"DEBUG=1",
					"$(inherited)",
				);
				INFOPLIST_FILE = "CoreData_selfTests/CoreData_selfTests-Info.plist";
				PRODUCT_NAME = "$(TARGET_NAME)";
				TEST_HOST = "$(BUNDLE_LOADER)";
				WRAPPER_EXTENSION = xctest;
			};
			name = Debug;
		};
		17843E8918E14F9600B64FE5 /* Release */ = {
			isa = XCBuildConfiguration;
			buildSettings = {
				BUNDLE_LOADER = "$(BUILT_PRODUCTS_DIR)/CoreData_self.app/CoreData_self";
				FRAMEWORK_SEARCH_PATHS = (
					"$(SDKROOT)/Developer/Library/Frameworks",
					"$(inherited)",
					"$(DEVELOPER_FRAMEWORKS_DIR)",
				);
				GCC_PRECOMPILE_PREFIX_HEADER = YES;
				GCC_PREFIX_HEADER = "CoreData_self/CoreData_self-Prefix.pch";
				INFOPLIST_FILE = "CoreData_selfTests/CoreData_selfTests-Info.plist";
				PRODUCT_NAME = "$(TARGET_NAME)";
				TEST_HOST = "$(BUNDLE_LOADER)";
				WRAPPER_EXTENSION = xctest;
			};
			name = Release;
		};
/* End XCBuildConfiguration section */

/* Begin XCConfigurationList section */
		17843E5318E14F9600B64FE5 /* Build configuration list for PBXProject "CoreData_self" */ = {
			isa = XCConfigurationList;
			buildConfigurations = (
				17843E8218E14F9600B64FE5 /* Debug */,
				17843E8318E14F9600B64FE5 /* Release */,
			);
			defaultConfigurationIsVisible = 0;
			defaultConfigurationName = Release;
		};
		17843E8418E14F9600B64FE5 /* Build configuration list for PBXNativeTarget "CoreData_self" */ = {
			isa = XCConfigurationList;
			buildConfigurations = (
				17843E8518E14F9600B64FE5 /* Debug */,
				17843E8618E14F9600B64FE5 /* Release */,
			);
			defaultConfigurationIsVisible = 0;
		};
		17843E8718E14F9600B64FE5 /* Build configuration list for PBXNativeTarget "CoreData_selfTests" */ = {
			isa = XCConfigurationList;
			buildConfigurations = (
				17843E8818E14F9600B64FE5 /* Debug */,
				17843E8918E14F9600B64FE5 /* Release */,
			);
			defaultConfigurationIsVisible = 0;
		};
/* End XCConfigurationList section */

/* Begin XCVersionGroup section */
		17843E9018E1542C00B64FE5 /* stuName.xcdatamodeld */ = {
			isa = XCVersionGroup;
			children = (
				17843E9118E1542C00B64FE5 /* stuName.xcdatamodel */,
			);
			currentVersion = 17843E9118E1542C00B64FE5 /* stuName.xcdatamodel */;
			name = stuName.xcdatamodeld;
			path = ../stuName.xcdatamodeld;
			sourceTree = "<group>";
			versionGroupType = wrapper.xcdatamodel;
		};
/* End XCVersionGroup section */
	};
	rootObject = 17843E5018E14F9600B64FE5 /* Project object */;
}
