// !$*UTF8*$!
{
	archiveVersion = 1;
	classes = {
	};
	objectVersion = 46;
	objects = {

/* Begin PBXBuildFile section */
		1765A49618F7C06900868CEE /* Foundation.framework in Frameworks */ = {isa = PBXBuildFile; fileRef = 1765A49518F7C06900868CEE /* Foundation.framework */; };
		1765A49818F7C06900868CEE /* CoreGraphics.framework in Frameworks */ = {isa = PBXBuildFile; fileRef = 1765A49718F7C06900868CEE /* CoreGraphics.framework */; };
		1765A49A18F7C06900868CEE /* UIKit.framework in Frameworks */ = {isa = PBXBuildFile; fileRef = 1765A49918F7C06900868CEE /* UIKit.framework */; };
		1765A4A018F7C06900868CEE /* InfoPlist.strings in Resources */ = {isa = PBXBuildFile; fileRef = 1765A49E18F7C06900868CEE /* InfoPlist.strings */; };
		1765A4A218F7C06900868CEE /* main.m in Sources */ = {isa = PBXBuildFile; fileRef = 1765A4A118F7C06900868CEE /* main.m */; };
		1765A4A618F7C06900868CEE /* AppDelegate.m in Sources */ = {isa = PBXBuildFile; fileRef = 1765A4A518F7C06900868CEE /* AppDelegate.m */; };
		1765A4A918F7C06900868CEE /* Main.storyboard in Resources */ = {isa = PBXBuildFile; fileRef = 1765A4A718F7C06900868CEE /* Main.storyboard */; };
		1765A4AC18F7C06900868CEE /* ViewController.m in Sources */ = {isa = PBXBuildFile; fileRef = 1765A4AB18F7C06900868CEE /* ViewController.m */; };
		1765A4AE18F7C06900868CEE /* Images.xcassets in Resources */ = {isa = PBXBuildFile; fileRef = 1765A4AD18F7C06900868CEE /* Images.xcassets */; };
		1765A4B518F7C06900868CEE /* XCTest.framework in Frameworks */ = {isa = PBXBuildFile; fileRef = 1765A4B418F7C06900868CEE /* XCTest.framework */; };
		1765A4B618F7C06900868CEE /* Foundation.framework in Frameworks */ = {isa = PBXBuildFile; fileRef = 1765A49518F7C06900868CEE /* Foundation.framework */; };
		1765A4B718F7C06900868CEE /* UIKit.framework in Frameworks */ = {isa = PBXBuildFile; fileRef = 1765A49918F7C06900868CEE /* UIKit.framework */; };
		1765A4BF18F7C06900868CEE /* InfoPlist.strings in Resources */ = {isa = PBXBuildFile; fileRef = 1765A4BD18F7C06900868CEE /* InfoPlist.strings */; };
		1765A4C118F7C06900868CEE /* KVOSampleTests.m in Sources */ = {isa = PBXBuildFile; fileRef = 1765A4C018F7C06900868CEE /* KVOSampleTests.m */; };
		1765A4CC18F7C0B800868CEE /* ThemeManager.m in Sources */ = {isa = PBXBuildFile; fileRef = 1765A4CB18F7C0B800868CEE /* ThemeManager.m */; };
/* End PBXBuildFile section */

/* Begin PBXContainerItemProxy section */
		1765A4B818F7C06900868CEE /* PBXContainerItemProxy */ = {
			isa = PBXContainerItemProxy;
			containerPortal = 1765A48A18F7C06900868CEE /* Project object */;
			proxyType = 1;
			remoteGlobalIDString = 1765A49118F7C06900868CEE;
			remoteInfo = KVOSample;
		};
/* End PBXContainerItemProxy section */

/* Begin PBXFileReference section */
		1765A49218F7C06900868CEE /* KVOSample.app */ = {isa = PBXFileReference; explicitFileType = wrapper.application; includeInIndex = 0; path = KVOSample.app; sourceTree = BUILT_PRODUCTS_DIR; };
		1765A49518F7C06900868CEE /* Foundation.framework */ = {isa = PBXFileReference; lastKnownFileType = wrapper.framework; name = Foundation.framework; path = System/Library/Frameworks/Foundation.framework; sourceTree = SDKROOT; };
		1765A49718F7C06900868CEE /* CoreGraphics.framework */ = {isa = PBXFileReference; lastKnownFileType = wrapper.framework; name = CoreGraphics.framework; path = System/Library/Frameworks/CoreGraphics.framework; sourceTree = SDKROOT; };
		1765A49918F7C06900868CEE /* UIKit.framework */ = {isa = PBXFileReference; lastKnownFileType = wrapper.framework; name = UIKit.framework; path = System/Library/Frameworks/UIKit.framework; sourceTree = SDKROOT; };
		1765A49D18F7C06900868CEE /* KVOSample-Info.plist */ = {isa = PBXFileReference; lastKnownFileType = text.plist.xml; path = "KVOSample-Info.plist"; sourceTree = "<group>"; };
		1765A49F18F7C06900868CEE /* en */ = {isa = PBXFileReference; lastKnownFileType = text.plist.strings; name = en; path = en.lproj/InfoPlist.strings; sourceTree = "<group>"; };
		1765A4A118F7C06900868CEE /* main.m */ = {isa = PBXFileReference; lastKnownFileType = sourcecode.c.objc; path = main.m; sourceTree = "<group>"; };
		1765A4A318F7C06900868CEE /* KVOSample-Prefix.pch */ = {isa = PBXFileReference; lastKnownFileType = sourcecode.c.h; path = "KVOSample-Prefix.pch"; sourceTree = "<group>"; };
		1765A4A418F7C06900868CEE /* AppDelegate.h */ = {isa = PBXFileReference; lastKnownFileType = sourcecode.c.h; path = AppDelegate.h; sourceTree = "<group>"; };
		1765A4A518F7C06900868CEE /* AppDelegate.m */ = {isa = PBXFileReference; lastKnownFileType = sourcecode.c.objc; path = AppDelegate.m; sourceTree = "<group>"; };
		1765A4A818F7C06900868CEE /* Base */ = {isa = PBXFileReference; lastKnownFileType = file.storyboard; name = Base; path = Base.lproj/Main.storyboard; sourceTree = "<group>"; };
		1765A4AA18F7C06900868CEE /* ViewController.h */ = {isa = PBXFileReference; lastKnownFileType = sourcecode.c.h; path = ViewController.h; sourceTree = "<group>"; };
		1765A4AB18F7C06900868CEE /* ViewController.m */ = {isa = PBXFileReference; lastKnownFileType = sourcecode.c.objc; path = ViewController.m; sourceTree = "<group>"; };
		1765A4AD18F7C06900868CEE /* Images.xcassets */ = {isa = PBXFileReference; lastKnownFileType = folder.assetcatalog; path = Images.xcassets; sourceTree = "<group>"; };
		1765A4B318F7C06900868CEE /* KVOSampleTests.xctest */ = {isa = PBXFileReference; explicitFileType = wrapper.cfbundle; includeInIndex = 0; path = KVOSampleTests.xctest; sourceTree = BUILT_PRODUCTS_DIR; };
		1765A4B418F7C06900868CEE /* XCTest.framework */ = {isa = PBXFileReference; lastKnownFileType = wrapper.framework; name = XCTest.framework; path = Library/Frameworks/XCTest.framework; sourceTree = DEVELOPER_DIR; };
		1765A4BC18F7C06900868CEE /* KVOSampleTests-Info.plist */ = {isa = PBXFileReference; lastKnownFileType = text.plist.xml; path = "KVOSampleTests-Info.plist"; sourceTree = "<group>"; };
		1765A4BE18F7C06900868CEE /* en */ = {isa = PBXFileReference; lastKnownFileType = text.plist.strings; name = en; path = en.lproj/InfoPlist.strings; sourceTree = "<group>"; };
		1765A4C018F7C06900868CEE /* KVOSampleTests.m */ = {isa = PBXFileReference; lastKnownFileType = sourcecode.c.objc; path = KVOSampleTests.m; sourceTree = "<group>"; };
		1765A4CA18F7C0B800868CEE /* ThemeManager.h */ = {isa = PBXFileReference; fileEncoding = 4; lastKnownFileType = sourcecode.c.h; path = ThemeManager.h; sourceTree = "<group>"; };
		1765A4CB18F7C0B800868CEE /* ThemeManager.m */ = {isa = PBXFileReference; fileEncoding = 4; lastKnownFileType = sourcecode.c.objc; path = ThemeManager.m; sourceTree = "<group>"; };
/* End PBXFileReference section */

/* Begin PBXFrameworksBuildPhase section */
		1765A48F18F7C06900868CEE /* Frameworks */ = {
			isa = PBXFrameworksBuildPhase;
			buildActionMask = 2147483647;
			files = (
				1765A49818F7C06900868CEE /* CoreGraphics.framework in Frameworks */,
				1765A49A18F7C06900868CEE /* UIKit.framework in Frameworks */,
				1765A49618F7C06900868CEE /* Foundation.framework in Frameworks */,
			);
			runOnlyForDeploymentPostprocessing = 0;
		};
		1765A4B018F7C06900868CEE /* Frameworks */ = {
			isa = PBXFrameworksBuildPhase;
			buildActionMask = 2147483647;
			files = (
				1765A4B518F7C06900868CEE /* XCTest.framework in Frameworks */,
				1765A4B718F7C06900868CEE /* UIKit.framework in Frameworks */,
				1765A4B618F7C06900868CEE /* Foundation.framework in Frameworks */,
			);
			runOnlyForDeploymentPostprocessing = 0;
		};
/* End PBXFrameworksBuildPhase section */

/* Begin PBXGroup section */
		1765A48918F7C06900868CEE = {
			isa = PBXGroup;
			children = (
				1765A49B18F7C06900868CEE /* KVOSample */,
				1765A4BA18F7C06900868CEE /* KVOSampleTests */,
				1765A49418F7C06900868CEE /* Frameworks */,
				1765A49318F7C06900868CEE /* Products */,
			);
			sourceTree = "<group>";
		};
		1765A49318F7C06900868CEE /* Products */ = {
			isa = PBXGroup;
			children = (
				1765A49218F7C06900868CEE /* KVOSample.app */,
				1765A4B318F7C06900868CEE /* KVOSampleTests.xctest */,
			);
			name = Products;
			sourceTree = "<group>";
		};
		1765A49418F7C06900868CEE /* Frameworks */ = {
			isa = PBXGroup;
			children = (
				1765A49518F7C06900868CEE /* Foundation.framework */,
				1765A49718F7C06900868CEE /* CoreGraphics.framework */,
				1765A49918F7C06900868CEE /* UIKit.framework */,
				1765A4B418F7C06900868CEE /* XCTest.framework */,
			);
			name = Frameworks;
			sourceTree = "<group>";
		};
		1765A49B18F7C06900868CEE /* KVOSample */ = {
			isa = PBXGroup;
			children = (
				1765A4A418F7C06900868CEE /* AppDelegate.h */,
				1765A4A518F7C06900868CEE /* AppDelegate.m */,
				1765A4A718F7C06900868CEE /* Main.storyboard */,
				1765A4AA18F7C06900868CEE /* ViewController.h */,
				1765A4AB18F7C06900868CEE /* ViewController.m */,
				1765A4CA18F7C0B800868CEE /* ThemeManager.h */,
				1765A4CB18F7C0B800868CEE /* ThemeManager.m */,
				1765A4AD18F7C06900868CEE /* Images.xcassets */,
				1765A49C18F7C06900868CEE /* Supporting Files */,
			);
			path = KVOSample;
			sourceTree = "<group>";
		};
		1765A49C18F7C06900868CEE /* Supporting Files */ = {
			isa = PBXGroup;
			children = (
				1765A49D18F7C06900868CEE /* KVOSample-Info.plist */,
				1765A49E18F7C06900868CEE /* InfoPlist.strings */,
				1765A4A118F7C06900868CEE /* main.m */,
				1765A4A318F7C06900868CEE /* KVOSample-Prefix.pch */,
			);
			name = "Supporting Files";
			sourceTree = "<group>";
		};
		1765A4BA18F7C06900868CEE /* KVOSampleTests */ = {
			isa = PBXGroup;
			children = (
				1765A4C018F7C06900868CEE /* KVOSampleTests.m */,
				1765A4BB18F7C06900868CEE /* Supporting Files */,
			);
			path = KVOSampleTests;
			sourceTree = "<group>";
		};
		1765A4BB18F7C06900868CEE /* Supporting Files */ = {
			isa = PBXGroup;
			children = (
				1765A4BC18F7C06900868CEE /* KVOSampleTests-Info.plist */,
				1765A4BD18F7C06900868CEE /* InfoPlist.strings */,
			);
			name = "Supporting Files";
			sourceTree = "<group>";
		};
/* End PBXGroup section */

/* Begin PBXNativeTarget section */
		1765A49118F7C06900868CEE /* KVOSample */ = {
			isa = PBXNativeTarget;
			buildConfigurationList = 1765A4C418F7C06900868CEE /* Build configuration list for PBXNativeTarget "KVOSample" */;
			buildPhases = (
				1765A48E18F7C06900868CEE /* Sources */,
				1765A48F18F7C06900868CEE /* Frameworks */,
				1765A49018F7C06900868CEE /* Resources */,
			);
			buildRules = (
			);
			dependencies = (
			);
			name = KVOSample;
			productName = KVOSample;
			productReference = 1765A49218F7C06900868CEE /* KVOSample.app */;
			productType = "com.apple.product-type.application";
		};
		1765A4B218F7C06900868CEE /* KVOSampleTests */ = {
			isa = PBXNativeTarget;
			buildConfigurationList = 1765A4C718F7C06900868CEE /* Build configuration list for PBXNativeTarget "KVOSampleTests" */;
			buildPhases = (
				1765A4AF18F7C06900868CEE /* Sources */,
				1765A4B018F7C06900868CEE /* Frameworks */,
				1765A4B118F7C06900868CEE /* Resources */,
			);
			buildRules = (
			);
			dependencies = (
				1765A4B918F7C06900868CEE /* PBXTargetDependency */,
			);
			name = KVOSampleTests;
			productName = KVOSampleTests;
			productReference = 1765A4B318F7C06900868CEE /* KVOSampleTests.xctest */;
			productType = "com.apple.product-type.bundle.unit-test";
		};
/* End PBXNativeTarget section */

/* Begin PBXProject section */
		1765A48A18F7C06900868CEE /* Project object */ = {
			isa = PBXProject;
			attributes = {
				LastUpgradeCheck = 0510;
				ORGANIZATIONNAME = leesong;
				TargetAttributes = {
					1765A4B218F7C06900868CEE = {
						TestTargetID = 1765A49118F7C06900868CEE;
					};
				};
			};
			buildConfigurationList = 1765A48D18F7C06900868CEE /* Build configuration list for PBXProject "KVOSample" */;
			compatibilityVersion = "Xcode 3.2";
			developmentRegion = English;
			hasScannedForEncodings = 0;
			knownRegions = (
				en,
				Base,
			);
			mainGroup = 1765A48918F7C06900868CEE;
			productRefGroup = 1765A49318F7C06900868CEE /* Products */;
			projectDirPath = "";
			projectRoot = "";
			targets = (
				1765A49118F7C06900868CEE /* KVOSample */,
				1765A4B218F7C06900868CEE /* KVOSampleTests */,
			);
		};
/* End PBXProject section */

/* Begin PBXResourcesBuildPhase section */
		1765A49018F7C06900868CEE /* Resources */ = {
			isa = PBXResourcesBuildPhase;
			buildActionMask = 2147483647;
			files = (
				1765A4AE18F7C06900868CEE /* Images.xcassets in Resources */,
				1765A4A018F7C06900868CEE /* InfoPlist.strings in Resources */,
				1765A4A918F7C06900868CEE /* Main.storyboard in Resources */,
			);
			runOnlyForDeploymentPostprocessing = 0;
		};
		1765A4B118F7C06900868CEE /* Resources */ = {
			isa = PBXResourcesBuildPhase;
			buildActionMask = 2147483647;
			files = (
				1765A4BF18F7C06900868CEE /* InfoPlist.strings in Resources */,
			);
			runOnlyForDeploymentPostprocessing = 0;
		};
/* End PBXResourcesBuildPhase section */

/* Begin PBXSourcesBuildPhase section */
		1765A48E18F7C06900868CEE /* Sources */ = {
			isa = PBXSourcesBuildPhase;
			buildActionMask = 2147483647;
			files = (
				1765A4AC18F7C06900868CEE /* ViewController.m in Sources */,
				1765A4A618F7C06900868CEE /* AppDelegate.m in Sources */,
				1765A4A218F7C06900868CEE /* main.m in Sources */,
				1765A4CC18F7C0B800868CEE /* ThemeManager.m in Sources */,
			);
			runOnlyForDeploymentPostprocessing = 0;
		};
		1765A4AF18F7C06900868CEE /* Sources */ = {
			isa = PBXSourcesBuildPhase;
			buildActionMask = 2147483647;
			files = (
				1765A4C118F7C06900868CEE /* KVOSampleTests.m in Sources */,
			);
			runOnlyForDeploymentPostprocessing = 0;
		};
/* End PBXSourcesBuildPhase section */

/* Begin PBXTargetDependency section */
		1765A4B918F7C06900868CEE /* PBXTargetDependency */ = {
			isa = PBXTargetDependency;
			target = 1765A49118F7C06900868CEE /* KVOSample */;
			targetProxy = 1765A4B818F7C06900868CEE /* PBXContainerItemProxy */;
		};
/* End PBXTargetDependency section */

/* Begin PBXVariantGroup section */
		1765A49E18F7C06900868CEE /* InfoPlist.strings */ = {
			isa = PBXVariantGroup;
			children = (
				1765A49F18F7C06900868CEE /* en */,
			);
			name = InfoPlist.strings;
			sourceTree = "<group>";
		};
		1765A4A718F7C06900868CEE /* Main.storyboard */ = {
			isa = PBXVariantGroup;
			children = (
				1765A4A818F7C06900868CEE /* Base */,
			);
			name = Main.storyboard;
			sourceTree = "<group>";
		};
		1765A4BD18F7C06900868CEE /* InfoPlist.strings */ = {
			isa = PBXVariantGroup;
			children = (
				1765A4BE18F7C06900868CEE /* en */,
			);
			name = InfoPlist.strings;
			sourceTree = "<group>";
		};
/* End PBXVariantGroup section */

/* Begin XCBuildConfiguration section */
		1765A4C218F7C06900868CEE /* Debug */ = {
			isa = XCBuildConfiguration;
			buildSettings = {
				ALWAYS_SEARCH_USER_PATHS = NO;
				CLANG_CXX_LANGUAGE_STANDARD = "gnu++0x";
				CLANG_CXX_LIBRARY = "libc++";
				CLANG_ENABLE_MODULES = YES;
				CLANG_ENABLE_OBJC_ARC = YES;
				CLANG_WARN_BOOL_CONVERSION = YES;
				CLANG_WARN_CONSTANT_CONVERSION = YES;
				CLANG_WARN_DIRECT_OBJC_ISA_USAGE = YES_ERROR;
				CLANG_WARN_EMPTY_BODY = YES;
				CLANG_WARN_ENUM_CONVERSION = YES;
				CLANG_WARN_INT_CONVERSION = YES;
				CLANG_WARN_OBJC_ROOT_CLASS = YES_ERROR;
				CLANG_WARN__DUPLICATE_METHOD_MATCH = YES;
				"CODE_SIGN_IDENTITY[sdk=iphoneos*]" = "iPhone Developer";
				COPY_PHASE_STRIP = NO;
				GCC_C_LANGUAGE_STANDARD = gnu99;
				GCC_DYNAMIC_NO_PIC = NO;
				GCC_OPTIMIZATION_LEVEL = 0;
				GCC_PREPROCESSOR_DEFINITIONS = (
					"DEBUG=1",
					"$(inherited)",
				);
				GCC_SYMBOLS_PRIVATE_EXTERN = NO;
				GCC_WARN_64_TO_32_BIT_CONVERSION = YES;
				GCC_WARN_ABOUT_RETURN_TYPE = YES_ERROR;
				GCC_WARN_UNDECLARED_SELECTOR = YES;
				GCC_WARN_UNINITIALIZED_AUTOS = YES_AGGRESSIVE;
				GCC_WARN_UNUSED_FUNCTION = YES;
				GCC_WARN_UNUSED_VARIABLE = YES;
				IPHONEOS_DEPLOYMENT_TARGET = 7.1;
				ONLY_ACTIVE_ARCH = YES;
				SDKROOT = iphoneos;
			};
			name = Debug;
		};
		1765A4C318F7C06900868CEE /* Release */ = {
			isa = XCBuildConfiguration;
			buildSettings = {
				ALWAYS_SEARCH_USER_PATHS = NO;
				CLANG_CXX_LANGUAGE_STANDARD = "gnu++0x";
				CLANG_CXX_LIBRARY = "libc++";
				CLANG_ENABLE_MODULES = YES;
				CLANG_ENABLE_OBJC_ARC = YES;
				CLANG_WARN_BOOL_CONVERSION = YES;
				CLANG_WARN_CONSTANT_CONVERSION = YES;
				CLANG_WARN_DIRECT_OBJC_ISA_USAGE = YES_ERROR;
				CLANG_WARN_EMPTY_BODY = YES;
				CLANG_WARN_ENUM_CONVERSION = YES;
				CLANG_WARN_INT_CONVERSION = YES;
				CLANG_WARN_OBJC_ROOT_CLASS = YES_ERROR;
				CLANG_WARN__DUPLICATE_METHOD_MATCH = YES;
				"CODE_SIGN_IDENTITY[sdk=iphoneos*]" = "iPhone Developer";
				COPY_PHASE_STRIP = YES;
				ENABLE_NS_ASSERTIONS = NO;
				GCC_C_LANGUAGE_STANDARD = gnu99;
				GCC_WARN_64_TO_32_BIT_CONVERSION = YES;
				GCC_WARN_ABOUT_RETURN_TYPE = YES_ERROR;
				GCC_WARN_UNDECLARED_SELECTOR = YES;
				GCC_WARN_UNINITIALIZED_AUTOS = YES_AGGRESSIVE;
				GCC_WARN_UNUSED_FUNCTION = YES;
				GCC_WARN_UNUSED_VARIABLE = YES;
				IPHONEOS_DEPLOYMENT_TARGET = 7.1;
				SDKROOT = iphoneos;
				VALIDATE_PRODUCT = YES;
			};
			name = Release;
		};
		1765A4C518F7C06900868CEE /* Debug */ = {
			isa = XCBuildConfiguration;
			buildSettings = {
				ASSETCATALOG_COMPILER_APPICON_NAME = AppIcon;
				ASSETCATALOG_COMPILER_LAUNCHIMAGE_NAME = LaunchImage;
				GCC_PRECOMPILE_PREFIX_HEADER = YES;
				GCC_PREFIX_HEADER = "KVOSample/KVOSample-Prefix.pch";
				INFOPLIST_FILE = "KVOSample/KVOSample-Info.plist";
				PRODUCT_NAME = "$(TARGET_NAME)";
				WRAPPER_EXTENSION = app;
			};
			name = Debug;
		};
		1765A4C618F7C06900868CEE /* Release */ = {
			isa = XCBuildConfiguration;
			buildSettings = {
				ASSETCATALOG_COMPILER_APPICON_NAME = AppIcon;
				ASSETCATALOG_COMPILER_LAUNCHIMAGE_NAME = LaunchImage;
				GCC_PRECOMPILE_PREFIX_HEADER = YES;
				GCC_PREFIX_HEADER = "KVOSample/KVOSample-Prefix.pch";
				INFOPLIST_FILE = "KVOSample/KVOSample-Info.plist";
				PRODUCT_NAME = "$(TARGET_NAME)";
				WRAPPER_EXTENSION = app;
			};
			name = Release;
		};
		1765A4C818F7C06900868CEE /* Debug */ = {
			isa = XCBuildConfiguration;
			buildSettings = {
				BUNDLE_LOADER = "$(BUILT_PRODUCTS_DIR)/KVOSample.app/KVOSample";
				FRAMEWORK_SEARCH_PATHS = (
					"$(SDKROOT)/Developer/Library/Frameworks",
					"$(inherited)",
					"$(DEVELOPER_FRAMEWORKS_DIR)",
				);
				GCC_PRECOMPILE_PREFIX_HEADER = YES;
				GCC_PREFIX_HEADER = "KVOSample/KVOSample-Prefix.pch";
				GCC_PREPROCESSOR_DEFINITIONS = (
					"DEBUG=1",
					"$(inherited)",
				);
				INFOPLIST_FILE = "KVOSampleTests/KVOSampleTests-Info.plist";
				PRODUCT_NAME = "$(TARGET_NAME)";
				TEST_HOST = "$(BUNDLE_LOADER)";
				WRAPPER_EXTENSION = xctest;
			};
			name = Debug;
		};
		1765A4C918F7C06900868CEE /* Release */ = {
			isa = XCBuildConfiguration;
			buildSettings = {
				BUNDLE_LOADER = "$(BUILT_PRODUCTS_DIR)/KVOSample.app/KVOSample";
				FRAMEWORK_SEARCH_PATHS = (
					"$(SDKROOT)/Developer/Library/Frameworks",
					"$(inherited)",
					"$(DEVELOPER_FRAMEWORKS_DIR)",
				);
				GCC_PRECOMPILE_PREFIX_HEADER = YES;
				GCC_PREFIX_HEADER = "KVOSample/KVOSample-Prefix.pch";
				INFOPLIST_FILE = "KVOSampleTests/KVOSampleTests-Info.plist";
				PRODUCT_NAME = "$(TARGET_NAME)";
				TEST_HOST = "$(BUNDLE_LOADER)";
				WRAPPER_EXTENSION = xctest;
			};
			name = Release;
		};
/* End XCBuildConfiguration section */

/* Begin XCConfigurationList section */
		1765A48D18F7C06900868CEE /* Build configuration list for PBXProject "KVOSample" */ = {
			isa = XCConfigurationList;
			buildConfigurations = (
				1765A4C218F7C06900868CEE /* Debug */,
				1765A4C318F7C06900868CEE /* Release */,
			);
			defaultConfigurationIsVisible = 0;
			defaultConfigurationName = Release;
		};
		1765A4C418F7C06900868CEE /* Build configuration list for PBXNativeTarget "KVOSample" */ = {
			isa = XCConfigurationList;
			buildConfigurations = (
				1765A4C518F7C06900868CEE /* Debug */,
				1765A4C618F7C06900868CEE /* Release */,
			);
			defaultConfigurationIsVisible = 0;
		};
		1765A4C718F7C06900868CEE /* Build configuration list for PBXNativeTarget "KVOSampleTests" */ = {
			isa = XCConfigurationList;
			buildConfigurations = (
				1765A4C818F7C06900868CEE /* Debug */,
				1765A4C918F7C06900868CEE /* Release */,
			);
			defaultConfigurationIsVisible = 0;
		};
/* End XCConfigurationList section */
	};
	rootObject = 1765A48A18F7C06900868CEE /* Project object */;
}
